// !$*UTF8*$!
{
	archiveVersion = 1;
	classes = {
	};
	objectVersion = 56;
	objects = {

/* Begin PBXBuildFile section */
		3F61ECC22BBDB58800B2EDA3 /* ScoringItemStruct.swift in Sources */ = {isa = PBXBuildFile; fileRef = 3F61ECC12BBDB58800B2EDA3 /* ScoringItemStruct.swift */; };
		3F61ECC42BBDB5A900B2EDA3 /* ScoringRow.swift in Sources */ = {isa = PBXBuildFile; fileRef = 3F61ECC32BBDB5A900B2EDA3 /* ScoringRow.swift */; };
		3F61ECC62BBDC1E000B2EDA3 /* RearMtGreyDP.swift in Sources */ = {isa = PBXBuildFile; fileRef = 3F61ECC52BBDC1E000B2EDA3 /* RearMtGreyDP.swift */; };
		3F61ECC92BBDC2A400B2EDA3 /* FrontMtBlueDP.swift in Sources */ = {isa = PBXBuildFile; fileRef = 3F61ECC82BBDC2A400B2EDA3 /* FrontMtBlueDP.swift */; };
		3F61ECCB2BBDC2B900B2EDA3 /* FrontMtGreyDP.swift in Sources */ = {isa = PBXBuildFile; fileRef = 3F61ECCA2BBDC2B900B2EDA3 /* FrontMtGreyDP.swift */; };
		3F61ECCD2BBDC3BA00B2EDA3 /* SideMtBlueDP.swift in Sources */ = {isa = PBXBuildFile; fileRef = 3F61ECCC2BBDC3BA00B2EDA3 /* SideMtBlueDP.swift */; };
		3F61ECCF2BBDC3D200B2EDA3 /* SideMtGreyDP.swift in Sources */ = {isa = PBXBuildFile; fileRef = 3F61ECCE2BBDC3D200B2EDA3 /* SideMtGreyDP.swift */; };
		3F61ECD12BBDC45B00B2EDA3 /* ClosedGuardBlueDP.swift in Sources */ = {isa = PBXBuildFile; fileRef = 3F61ECD02BBDC45B00B2EDA3 /* ClosedGuardBlueDP.swift */; };
		3F61ECD32BBDC46700B2EDA3 /* ClosedGuardGreyDP.swift in Sources */ = {isa = PBXBuildFile; fileRef = 3F61ECD22BBDC46700B2EDA3 /* ClosedGuardGreyDP.swift */; };
		3F61ECD72BD0311900B2EDA3 /* StandingGR.swift in Sources */ = {isa = PBXBuildFile; fileRef = 3F61ECD62BD0311900B2EDA3 /* StandingGR.swift */; };
		3F7CC1972B59940800A9E3ED /* BlueGrade.swift in Sources */ = {isa = PBXBuildFile; fileRef = 3F7CC1962B59940800A9E3ED /* BlueGrade.swift */; };
		3F7CC1992B5ED1F500A9E3ED /* RearMtBlueDP.swift in Sources */ = {isa = PBXBuildFile; fileRef = 3F7CC1982B5ED1F500A9E3ED /* RearMtBlueDP.swift */; };
		3F8442062B7E7A3900758C38 /* SidebarView.swift in Sources */ = {isa = PBXBuildFile; fileRef = 3F8442052B7E7A3900758C38 /* SidebarView.swift */; };
		3F84420E2B7E7AC700758C38 /* GridView.swift in Sources */ = {isa = PBXBuildFile; fileRef = 3F84420D2B7E7AC700758C38 /* GridView.swift */; };
		3F8442112B7E7B7400758C38 /* ClassView.swift in Sources */ = {isa = PBXBuildFile; fileRef = 3F8442102B7E7B7400758C38 /* ClassView.swift */; };
		3F8442182B8E4A0000758C38 /* AddStudentView.swift in Sources */ = {isa = PBXBuildFile; fileRef = 3F8442172B8E4A0000758C38 /* AddStudentView.swift */; };
		3F84421B2B8E4AD100758C38 /* GradeListView.swift in Sources */ = {isa = PBXBuildFile; fileRef = 3F84421A2B8E4AD100758C38 /* GradeListView.swift */; };
		3F84421D2B8E547600758C38 /* AddGradeView.swift in Sources */ = {isa = PBXBuildFile; fileRef = 3F84421C2B8E547600758C38 /* AddGradeView.swift */; };
		3F97DFB72BE947B40020171A /* GreyGrade.swift in Sources */ = {isa = PBXBuildFile; fileRef = 3F97DFB62BE947B40020171A /* GreyGrade.swift */; };
		651813D52BED0F71000DD3C6 /* ROEView.swift in Sources */ = {isa = PBXBuildFile; fileRef = 651813D42BED0F71000DD3C6 /* ROEView.swift */; };
		651813D72BED24C4000DD3C6 /* HomeScreenView.swift in Sources */ = {isa = PBXBuildFile; fileRef = 651813D62BED24C4000DD3C6 /* HomeScreenView.swift */; };
		651813D92BED2B28000DD3C6 /* GridViewViewModel.swift in Sources */ = {isa = PBXBuildFile; fileRef = 651813D82BED2B28000DD3C6 /* GridViewViewModel.swift */; };
		6528D8712B50527F00B7BFFA /* Combatives_App_v1_0App.swift in Sources */ = {isa = PBXBuildFile; fileRef = 6528D8702B50527F00B7BFFA /* Combatives_App_v1_0App.swift */; };
		6528D8732B50527F00B7BFFA /* ContentView.swift in Sources */ = {isa = PBXBuildFile; fileRef = 6528D8722B50527F00B7BFFA /* ContentView.swift */; };
		6528D8752B50528200B7BFFA /* Assets.xcassets in Resources */ = {isa = PBXBuildFile; fileRef = 6528D8742B50528200B7BFFA /* Assets.xcassets */; };
		6528D8782B50528200B7BFFA /* Preview Assets.xcassets in Resources */ = {isa = PBXBuildFile; fileRef = 6528D8772B50528200B7BFFA /* Preview Assets.xcassets */; };
		6528D8822B50528200B7BFFA /* Combatives_App_v1_0Tests.swift in Sources */ = {isa = PBXBuildFile; fileRef = 6528D8812B50528200B7BFFA /* Combatives_App_v1_0Tests.swift */; };
		6528D88C2B50528200B7BFFA /* Combatives_App_v1_0UITests.swift in Sources */ = {isa = PBXBuildFile; fileRef = 6528D88B2B50528200B7BFFA /* Combatives_App_v1_0UITests.swift */; };
		6528D88E2B50528200B7BFFA /* Combatives_App_v1_0UITestsLaunchTests.swift in Sources */ = {isa = PBXBuildFile; fileRef = 6528D88D2B50528200B7BFFA /* Combatives_App_v1_0UITestsLaunchTests.swift */; };
		6528D8A02B506A4D00B7BFFA /* FirebaseAnalytics in Frameworks */ = {isa = PBXBuildFile; productRef = 6528D89F2B506A4D00B7BFFA /* FirebaseAnalytics */; };
		6528D8A22B506A4D00B7BFFA /* FirebaseAnalyticsOnDeviceConversion in Frameworks */ = {isa = PBXBuildFile; productRef = 6528D8A12B506A4D00B7BFFA /* FirebaseAnalyticsOnDeviceConversion */; };
		6528D8A42B506A4D00B7BFFA /* FirebaseAnalyticsSwift in Frameworks */ = {isa = PBXBuildFile; productRef = 6528D8A32B506A4D00B7BFFA /* FirebaseAnalyticsSwift */; };
		6528D8A62B506A4D00B7BFFA /* FirebaseAnalyticsWithoutAdIdSupport in Frameworks */ = {isa = PBXBuildFile; productRef = 6528D8A52B506A4D00B7BFFA /* FirebaseAnalyticsWithoutAdIdSupport */; };
		6528D8A82B506A4D00B7BFFA /* FirebaseAuth in Frameworks */ = {isa = PBXBuildFile; productRef = 6528D8A72B506A4D00B7BFFA /* FirebaseAuth */; };
		6528D8AA2B506A4D00B7BFFA /* FirebaseAuthCombine-Community in Frameworks */ = {isa = PBXBuildFile; productRef = 6528D8A92B506A4D00B7BFFA /* FirebaseAuthCombine-Community */; };
		654352862B598E2E0095F276 /* GoogleService-Info.plist in Resources */ = {isa = PBXBuildFile; fileRef = 654352852B598E2E0095F276 /* GoogleService-Info.plist */; };
		6543528B2B59924B0095F276 /* InitLogin.swift in Sources */ = {isa = PBXBuildFile; fileRef = 6543528A2B59924B0095F276 /* InitLogin.swift */; };
		6543528D2B5997AB0095F276 /* SignInWithEmailView.swift in Sources */ = {isa = PBXBuildFile; fileRef = 6543528C2B5997AB0095F276 /* SignInWithEmailView.swift */; };
		6543528F2B599C880095F276 /* AuthenticationManager.swift in Sources */ = {isa = PBXBuildFile; fileRef = 6543528E2B599C880095F276 /* AuthenticationManager.swift */; };
		654352DD2B617CF40095F276 /* SettingsView.swift in Sources */ = {isa = PBXBuildFile; fileRef = 654352DC2B617CF40095F276 /* SettingsView.swift */; };
		654352DF2B6188A50095F276 /* SignUpWithEmailView.swift in Sources */ = {isa = PBXBuildFile; fileRef = 654352DE2B6188A50095F276 /* SignUpWithEmailView.swift */; };
		654352FF2B644BFB0095F276 /* ResetPasswordView.swift in Sources */ = {isa = PBXBuildFile; fileRef = 654352FE2B644BFB0095F276 /* ResetPasswordView.swift */; };
		654353012B644E2B0095F276 /* UpdatePasswordView.swift in Sources */ = {isa = PBXBuildFile; fileRef = 654353002B644E2B0095F276 /* UpdatePasswordView.swift */; };
		657B38702BE99589005BE647 /* StudentView.swift in Sources */ = {isa = PBXBuildFile; fileRef = 657B386F2BE99589005BE647 /* StudentView.swift */; };
		657B38722BE995A2005BE647 /* StudentListView.swift in Sources */ = {isa = PBXBuildFile; fileRef = 657B38712BE995A2005BE647 /* StudentListView.swift */; };
		657FAD482BA0BCEE00B4A548 /* FirebaseFirestore in Frameworks */ = {isa = PBXBuildFile; productRef = 657FAD472BA0BCEE00B4A548 /* FirebaseFirestore */; };
		657FAD4A2BA0BCEE00B4A548 /* FirebaseFirestoreSwift in Frameworks */ = {isa = PBXBuildFile; productRef = 657FAD492BA0BCEE00B4A548 /* FirebaseFirestoreSwift */; };
		657FAD4D2BA0BF4700B4A548 /* SettingsViewModel.swift in Sources */ = {isa = PBXBuildFile; fileRef = 657FAD4C2BA0BF4700B4A548 /* SettingsViewModel.swift */; };
		657FAD502BA0C00B00B4A548 /* SignInWithEmailViewModel.swift in Sources */ = {isa = PBXBuildFile; fileRef = 657FAD4F2BA0C00B00B4A548 /* SignInWithEmailViewModel.swift */; };
		657FAD522BA0C02C00B4A548 /* SignUpWithEmailViewModel.swift in Sources */ = {isa = PBXBuildFile; fileRef = 657FAD512BA0C02C00B4A548 /* SignUpWithEmailViewModel.swift */; };
		657FAD582BA0C63D00B4A548 /* ProfileView.swift in Sources */ = {isa = PBXBuildFile; fileRef = 657FAD572BA0C63D00B4A548 /* ProfileView.swift */; };
		6583CE9A2BBB250B009569F3 /* UserManager.swift in Sources */ = {isa = PBXBuildFile; fileRef = 6583CE992BBB250B009569F3 /* UserManager.swift */; };
		65A16FD22B7A7457003A0AF9 /* UpdateEmailView.swift in Sources */ = {isa = PBXBuildFile; fileRef = 65A16FD12B7A7457003A0AF9 /* UpdateEmailView.swift */; };
		65FE283E2BD815F800D4DC55 /* SidebarSelection.swift in Sources */ = {isa = PBXBuildFile; fileRef = 65FE283D2BD815F800D4DC55 /* SidebarSelection.swift */; };
		65FE28412BD81B0F00D4DC55 /* SidebarContentView.swift in Sources */ = {isa = PBXBuildFile; fileRef = 65FE28402BD81B0F00D4DC55 /* SidebarContentView.swift */; };
		65FE28452BD81C6F00D4DC55 /* ActionsView.swift in Sources */ = {isa = PBXBuildFile; fileRef = 65FE28442BD81C6F00D4DC55 /* ActionsView.swift */; };
		65FE28472BD8368500D4DC55 /* StudentManager.swift in Sources */ = {isa = PBXBuildFile; fileRef = 65FE28462BD8368500D4DC55 /* StudentManager.swift */; };
		65FE28492BD836BC00D4DC55 /* ClassManager.swift in Sources */ = {isa = PBXBuildFile; fileRef = 65FE28482BD836BC00D4DC55 /* ClassManager.swift */; };
		65FE284B2BE3F9E300D4DC55 /* AddClassView.swift in Sources */ = {isa = PBXBuildFile; fileRef = 65FE284A2BE3F9E300D4DC55 /* AddClassView.swift */; };
/* End PBXBuildFile section */

/* Begin PBXContainerItemProxy section */
		6528D87E2B50528200B7BFFA /* PBXContainerItemProxy */ = {
			isa = PBXContainerItemProxy;
			containerPortal = 6528D8652B50527F00B7BFFA /* Project object */;
			proxyType = 1;
			remoteGlobalIDString = 6528D86C2B50527F00B7BFFA;
			remoteInfo = "Combatives App v1.0";
		};
		6528D8882B50528200B7BFFA /* PBXContainerItemProxy */ = {
			isa = PBXContainerItemProxy;
			containerPortal = 6528D8652B50527F00B7BFFA /* Project object */;
			proxyType = 1;
			remoteGlobalIDString = 6528D86C2B50527F00B7BFFA;
			remoteInfo = "Combatives App v1.0";
		};
/* End PBXContainerItemProxy section */

/* Begin PBXFileReference section */
		3F61ECC12BBDB58800B2EDA3 /* ScoringItemStruct.swift */ = {isa = PBXFileReference; lastKnownFileType = sourcecode.swift; path = ScoringItemStruct.swift; sourceTree = "<group>"; };
		3F61ECC32BBDB5A900B2EDA3 /* ScoringRow.swift */ = {isa = PBXFileReference; lastKnownFileType = sourcecode.swift; path = ScoringRow.swift; sourceTree = "<group>"; };
		3F61ECC52BBDC1E000B2EDA3 /* RearMtGreyDP.swift */ = {isa = PBXFileReference; lastKnownFileType = sourcecode.swift; path = RearMtGreyDP.swift; sourceTree = "<group>"; };
		3F61ECC82BBDC2A400B2EDA3 /* FrontMtBlueDP.swift */ = {isa = PBXFileReference; lastKnownFileType = sourcecode.swift; path = FrontMtBlueDP.swift; sourceTree = "<group>"; };
		3F61ECCA2BBDC2B900B2EDA3 /* FrontMtGreyDP.swift */ = {isa = PBXFileReference; lastKnownFileType = sourcecode.swift; path = FrontMtGreyDP.swift; sourceTree = "<group>"; };
		3F61ECCC2BBDC3BA00B2EDA3 /* SideMtBlueDP.swift */ = {isa = PBXFileReference; lastKnownFileType = sourcecode.swift; path = SideMtBlueDP.swift; sourceTree = "<group>"; };
		3F61ECCE2BBDC3D200B2EDA3 /* SideMtGreyDP.swift */ = {isa = PBXFileReference; lastKnownFileType = sourcecode.swift; path = SideMtGreyDP.swift; sourceTree = "<group>"; };
		3F61ECD02BBDC45B00B2EDA3 /* ClosedGuardBlueDP.swift */ = {isa = PBXFileReference; lastKnownFileType = sourcecode.swift; path = ClosedGuardBlueDP.swift; sourceTree = "<group>"; };
		3F61ECD22BBDC46700B2EDA3 /* ClosedGuardGreyDP.swift */ = {isa = PBXFileReference; lastKnownFileType = sourcecode.swift; path = ClosedGuardGreyDP.swift; sourceTree = "<group>"; };
		3F61ECD62BD0311900B2EDA3 /* StandingGR.swift */ = {isa = PBXFileReference; lastKnownFileType = sourcecode.swift; path = StandingGR.swift; sourceTree = "<group>"; };
		3F7CC1962B59940800A9E3ED /* BlueGrade.swift */ = {isa = PBXFileReference; lastKnownFileType = sourcecode.swift; path = BlueGrade.swift; sourceTree = "<group>"; };
		3F7CC1982B5ED1F500A9E3ED /* RearMtBlueDP.swift */ = {isa = PBXFileReference; lastKnownFileType = sourcecode.swift; path = RearMtBlueDP.swift; sourceTree = "<group>"; };
		3F8442052B7E7A3900758C38 /* SidebarView.swift */ = {isa = PBXFileReference; lastKnownFileType = sourcecode.swift; path = SidebarView.swift; sourceTree = "<group>"; };
		3F84420D2B7E7AC700758C38 /* GridView.swift */ = {isa = PBXFileReference; lastKnownFileType = sourcecode.swift; path = GridView.swift; sourceTree = "<group>"; };
		3F8442102B7E7B7400758C38 /* ClassView.swift */ = {isa = PBXFileReference; lastKnownFileType = sourcecode.swift; path = ClassView.swift; sourceTree = "<group>"; };
		3F8442172B8E4A0000758C38 /* AddStudentView.swift */ = {isa = PBXFileReference; lastKnownFileType = sourcecode.swift; path = AddStudentView.swift; sourceTree = "<group>"; };
		3F84421A2B8E4AD100758C38 /* GradeListView.swift */ = {isa = PBXFileReference; lastKnownFileType = sourcecode.swift; path = GradeListView.swift; sourceTree = "<group>"; };
		3F84421C2B8E547600758C38 /* AddGradeView.swift */ = {isa = PBXFileReference; lastKnownFileType = sourcecode.swift; path = AddGradeView.swift; sourceTree = "<group>"; };
		3F97DFB62BE947B40020171A /* GreyGrade.swift */ = {isa = PBXFileReference; lastKnownFileType = sourcecode.swift; path = GreyGrade.swift; sourceTree = "<group>"; };
		651813D42BED0F71000DD3C6 /* ROEView.swift */ = {isa = PBXFileReference; lastKnownFileType = sourcecode.swift; path = ROEView.swift; sourceTree = "<group>"; };
		651813D62BED24C4000DD3C6 /* HomeScreenView.swift */ = {isa = PBXFileReference; lastKnownFileType = sourcecode.swift; path = HomeScreenView.swift; sourceTree = "<group>"; };
		651813D82BED2B28000DD3C6 /* GridViewViewModel.swift */ = {isa = PBXFileReference; lastKnownFileType = sourcecode.swift; path = GridViewViewModel.swift; sourceTree = "<group>"; };
		6528D86D2B50527F00B7BFFA /* Combatives App v1.0.app */ = {isa = PBXFileReference; explicitFileType = wrapper.application; includeInIndex = 0; path = "Combatives App v1.0.app"; sourceTree = BUILT_PRODUCTS_DIR; };
		6528D8702B50527F00B7BFFA /* Combatives_App_v1_0App.swift */ = {isa = PBXFileReference; lastKnownFileType = sourcecode.swift; path = Combatives_App_v1_0App.swift; sourceTree = "<group>"; };
		6528D8722B50527F00B7BFFA /* ContentView.swift */ = {isa = PBXFileReference; lastKnownFileType = sourcecode.swift; path = ContentView.swift; sourceTree = "<group>"; };
		6528D8742B50528200B7BFFA /* Assets.xcassets */ = {isa = PBXFileReference; lastKnownFileType = folder.assetcatalog; path = Assets.xcassets; sourceTree = "<group>"; };
		6528D8772B50528200B7BFFA /* Preview Assets.xcassets */ = {isa = PBXFileReference; lastKnownFileType = folder.assetcatalog; path = "Preview Assets.xcassets"; sourceTree = "<group>"; };
		6528D87D2B50528200B7BFFA /* Combatives App v1.0Tests.xctest */ = {isa = PBXFileReference; explicitFileType = wrapper.cfbundle; includeInIndex = 0; path = "Combatives App v1.0Tests.xctest"; sourceTree = BUILT_PRODUCTS_DIR; };
		6528D8812B50528200B7BFFA /* Combatives_App_v1_0Tests.swift */ = {isa = PBXFileReference; lastKnownFileType = sourcecode.swift; path = Combatives_App_v1_0Tests.swift; sourceTree = "<group>"; };
		6528D8872B50528200B7BFFA /* Combatives App v1.0UITests.xctest */ = {isa = PBXFileReference; explicitFileType = wrapper.cfbundle; includeInIndex = 0; path = "Combatives App v1.0UITests.xctest"; sourceTree = BUILT_PRODUCTS_DIR; };
		6528D88B2B50528200B7BFFA /* Combatives_App_v1_0UITests.swift */ = {isa = PBXFileReference; lastKnownFileType = sourcecode.swift; path = Combatives_App_v1_0UITests.swift; sourceTree = "<group>"; };
		6528D88D2B50528200B7BFFA /* Combatives_App_v1_0UITestsLaunchTests.swift */ = {isa = PBXFileReference; lastKnownFileType = sourcecode.swift; path = Combatives_App_v1_0UITestsLaunchTests.swift; sourceTree = "<group>"; };
		654352852B598E2E0095F276 /* GoogleService-Info.plist */ = {isa = PBXFileReference; lastKnownFileType = text.plist; path = "GoogleService-Info.plist"; sourceTree = SOURCE_ROOT; };
		6543528A2B59924B0095F276 /* InitLogin.swift */ = {isa = PBXFileReference; lastKnownFileType = sourcecode.swift; path = InitLogin.swift; sourceTree = "<group>"; };
		6543528C2B5997AB0095F276 /* SignInWithEmailView.swift */ = {isa = PBXFileReference; lastKnownFileType = sourcecode.swift; path = SignInWithEmailView.swift; sourceTree = "<group>"; };
		6543528E2B599C880095F276 /* AuthenticationManager.swift */ = {isa = PBXFileReference; lastKnownFileType = sourcecode.swift; path = AuthenticationManager.swift; sourceTree = "<group>"; };
		654352DC2B617CF40095F276 /* SettingsView.swift */ = {isa = PBXFileReference; lastKnownFileType = sourcecode.swift; path = SettingsView.swift; sourceTree = "<group>"; };
		654352DE2B6188A50095F276 /* SignUpWithEmailView.swift */ = {isa = PBXFileReference; lastKnownFileType = sourcecode.swift; path = SignUpWithEmailView.swift; sourceTree = "<group>"; };
		654352FE2B644BFB0095F276 /* ResetPasswordView.swift */ = {isa = PBXFileReference; lastKnownFileType = sourcecode.swift; path = ResetPasswordView.swift; sourceTree = "<group>"; };
		654353002B644E2B0095F276 /* UpdatePasswordView.swift */ = {isa = PBXFileReference; lastKnownFileType = sourcecode.swift; path = UpdatePasswordView.swift; sourceTree = "<group>"; };
		657B386F2BE99589005BE647 /* StudentView.swift */ = {isa = PBXFileReference; fileEncoding = 4; lastKnownFileType = sourcecode.swift; path = StudentView.swift; sourceTree = "<group>"; };
		657B38712BE995A2005BE647 /* StudentListView.swift */ = {isa = PBXFileReference; fileEncoding = 4; lastKnownFileType = sourcecode.swift; path = StudentListView.swift; sourceTree = "<group>"; };
		657FAD4C2BA0BF4700B4A548 /* SettingsViewModel.swift */ = {isa = PBXFileReference; lastKnownFileType = sourcecode.swift; path = SettingsViewModel.swift; sourceTree = "<group>"; };
		657FAD4F2BA0C00B00B4A548 /* SignInWithEmailViewModel.swift */ = {isa = PBXFileReference; lastKnownFileType = sourcecode.swift; path = SignInWithEmailViewModel.swift; sourceTree = "<group>"; };
		657FAD512BA0C02C00B4A548 /* SignUpWithEmailViewModel.swift */ = {isa = PBXFileReference; lastKnownFileType = sourcecode.swift; path = SignUpWithEmailViewModel.swift; sourceTree = "<group>"; };
		657FAD572BA0C63D00B4A548 /* ProfileView.swift */ = {isa = PBXFileReference; lastKnownFileType = sourcecode.swift; path = ProfileView.swift; sourceTree = "<group>"; };
		6583CE992BBB250B009569F3 /* UserManager.swift */ = {isa = PBXFileReference; lastKnownFileType = sourcecode.swift; path = UserManager.swift; sourceTree = "<group>"; };
		65A16FD12B7A7457003A0AF9 /* UpdateEmailView.swift */ = {isa = PBXFileReference; lastKnownFileType = sourcecode.swift; path = UpdateEmailView.swift; sourceTree = "<group>"; };
		65FE283D2BD815F800D4DC55 /* SidebarSelection.swift */ = {isa = PBXFileReference; lastKnownFileType = sourcecode.swift; path = SidebarSelection.swift; sourceTree = "<group>"; };
		65FE28402BD81B0F00D4DC55 /* SidebarContentView.swift */ = {isa = PBXFileReference; lastKnownFileType = sourcecode.swift; path = SidebarContentView.swift; sourceTree = "<group>"; };
		65FE28442BD81C6F00D4DC55 /* ActionsView.swift */ = {isa = PBXFileReference; lastKnownFileType = sourcecode.swift; path = ActionsView.swift; sourceTree = "<group>"; };
		65FE28462BD8368500D4DC55 /* StudentManager.swift */ = {isa = PBXFileReference; lastKnownFileType = sourcecode.swift; path = StudentManager.swift; sourceTree = "<group>"; };
		65FE28482BD836BC00D4DC55 /* ClassManager.swift */ = {isa = PBXFileReference; lastKnownFileType = sourcecode.swift; path = ClassManager.swift; sourceTree = "<group>"; };
		65FE284A2BE3F9E300D4DC55 /* AddClassView.swift */ = {isa = PBXFileReference; lastKnownFileType = sourcecode.swift; path = AddClassView.swift; sourceTree = "<group>"; };
/* End PBXFileReference section */

/* Begin PBXFrameworksBuildPhase section */
		6528D86A2B50527F00B7BFFA /* Frameworks */ = {
			isa = PBXFrameworksBuildPhase;
			buildActionMask = 2147483647;
			files = (
				6528D8A42B506A4D00B7BFFA /* FirebaseAnalyticsSwift in Frameworks */,
				6528D8AA2B506A4D00B7BFFA /* FirebaseAuthCombine-Community in Frameworks */,
				6528D8A82B506A4D00B7BFFA /* FirebaseAuth in Frameworks */,
				6528D8A02B506A4D00B7BFFA /* FirebaseAnalytics in Frameworks */,
				6528D8A22B506A4D00B7BFFA /* FirebaseAnalyticsOnDeviceConversion in Frameworks */,
				6528D8A62B506A4D00B7BFFA /* FirebaseAnalyticsWithoutAdIdSupport in Frameworks */,
				657FAD482BA0BCEE00B4A548 /* FirebaseFirestore in Frameworks */,
				657FAD4A2BA0BCEE00B4A548 /* FirebaseFirestoreSwift in Frameworks */,
			);
			runOnlyForDeploymentPostprocessing = 0;
		};
		6528D87A2B50528200B7BFFA /* Frameworks */ = {
			isa = PBXFrameworksBuildPhase;
			buildActionMask = 2147483647;
			files = (
			);
			runOnlyForDeploymentPostprocessing = 0;
		};
		6528D8842B50528200B7BFFA /* Frameworks */ = {
			isa = PBXFrameworksBuildPhase;
			buildActionMask = 2147483647;
			files = (
			);
			runOnlyForDeploymentPostprocessing = 0;
		};
/* End PBXFrameworksBuildPhase section */

/* Begin PBXGroup section */
		3F0E3F412B7BD24300BB765B /* MainPage */ = {
			isa = PBXGroup;
			children = (
				651813D62BED24C4000DD3C6 /* HomeScreenView.swift */,
				3F84420D2B7E7AC700758C38 /* GridView.swift */,
				651813D82BED2B28000DD3C6 /* GridViewViewModel.swift */,
				65FE28442BD81C6F00D4DC55 /* ActionsView.swift */,
				65FE283F2BD8197F00D4DC55 /* Sidebar Content */,
			);
			path = MainPage;
			sourceTree = "<group>";
		};
		3F61ECC72BBDC23100B2EDA3 /* GradePositions */ = {
			isa = PBXGroup;
			children = (
				3F61ECD02BBDC45B00B2EDA3 /* ClosedGuardBlueDP.swift */,
				3F61ECD22BBDC46700B2EDA3 /* ClosedGuardGreyDP.swift */,
				3F61ECCC2BBDC3BA00B2EDA3 /* SideMtBlueDP.swift */,
				3F61ECCE2BBDC3D200B2EDA3 /* SideMtGreyDP.swift */,
				3F61ECC82BBDC2A400B2EDA3 /* FrontMtBlueDP.swift */,
				3F61ECCA2BBDC2B900B2EDA3 /* FrontMtGreyDP.swift */,
				3F7CC1982B5ED1F500A9E3ED /* RearMtBlueDP.swift */,
				3F61ECC52BBDC1E000B2EDA3 /* RearMtGreyDP.swift */,
			);
			path = GradePositions;
			sourceTree = "<group>";
		};
		3F61ECD52BD030C200B2EDA3 /* Grade Card 2 */ = {
			isa = PBXGroup;
			children = (
				3F61ECD62BD0311900B2EDA3 /* StandingGR.swift */,
			);
			path = "Grade Card 2";
			sourceTree = "<group>";
		};
		3F7CC1952B5993E300A9E3ED /* GradingView */ = {
			isa = PBXGroup;
			children = (
				3F7CC1962B59940800A9E3ED /* BlueGrade.swift */,
				3F97DFB62BE947B40020171A /* GreyGrade.swift */,
				3F61ECC72BBDC23100B2EDA3 /* GradePositions */,
				651813D42BED0F71000DD3C6 /* ROEView.swift */,
				3F61ECC12BBDB58800B2EDA3 /* ScoringItemStruct.swift */,
				3F61ECC32BBDB5A900B2EDA3 /* ScoringRow.swift */,
			);
			path = GradingView;
			sourceTree = "<group>";
		};
		3F84420F2B7E7B5B00758C38 /* ClassView */ = {
			isa = PBXGroup;
			children = (
				3F8442102B7E7B7400758C38 /* ClassView.swift */,
				65FE284A2BE3F9E300D4DC55 /* AddClassView.swift */,
			);
			path = ClassView;
			sourceTree = "<group>";
		};
		3F8442122B850DB000758C38 /* StudentListView */ = {
			isa = PBXGroup;
			children = (
				657B38712BE995A2005BE647 /* StudentListView.swift */,
				657B386F2BE99589005BE647 /* StudentView.swift */,
				3F8442172B8E4A0000758C38 /* AddStudentView.swift */,
				3F0E3F412B7BD24300BB765B /* MainPage */,
				3F8442192B8E4AB800758C38 /* GradeListView */,
			);
			path = StudentListView;
			sourceTree = "<group>";
		};
		3F8442192B8E4AB800758C38 /* GradeListView */ = {
			isa = PBXGroup;
			children = (
				3F84421A2B8E4AD100758C38 /* GradeListView.swift */,
				3F84421C2B8E547600758C38 /* AddGradeView.swift */,
			);
			path = GradeListView;
			sourceTree = "<group>";
		};
		6528D8642B50527F00B7BFFA = {
			isa = PBXGroup;
			children = (
				6528D86F2B50527F00B7BFFA /* Combatives App v1.0 */,
				6528D8802B50528200B7BFFA /* Combatives App v1.0Tests */,
				6528D88A2B50528200B7BFFA /* Combatives App v1.0UITests */,
				6528D86E2B50527F00B7BFFA /* Products */,
				657FAD462BA0BCEE00B4A548 /* Frameworks */,
			);
			sourceTree = "<group>";
		};
		6528D86E2B50527F00B7BFFA /* Products */ = {
			isa = PBXGroup;
			children = (
				6528D86D2B50527F00B7BFFA /* Combatives App v1.0.app */,
				6528D87D2B50528200B7BFFA /* Combatives App v1.0Tests.xctest */,
				6528D8872B50528200B7BFFA /* Combatives App v1.0UITests.xctest */,
			);
			name = Products;
			sourceTree = "<group>";
		};
		6528D86F2B50527F00B7BFFA /* Combatives App v1.0 */ = {
			isa = PBXGroup;
			children = (
				6528D8702B50527F00B7BFFA /* Combatives_App_v1_0App.swift */,
				654352852B598E2E0095F276 /* GoogleService-Info.plist */,
				6528D8722B50527F00B7BFFA /* ContentView.swift */,
				657FAD552BA0C5B300B4A548 /* Visuals */,
				657FAD542BA0C59900B4A548 /* Core */,
				6528D8742B50528200B7BFFA /* Assets.xcassets */,
				6528D8762B50528200B7BFFA /* Preview Content */,
			);
			path = "Combatives App v1.0";
			sourceTree = "<group>";
		};
		6528D8762B50528200B7BFFA /* Preview Content */ = {
			isa = PBXGroup;
			children = (
				6528D8772B50528200B7BFFA /* Preview Assets.xcassets */,
			);
			path = "Preview Content";
			sourceTree = "<group>";
		};
		6528D8802B50528200B7BFFA /* Combatives App v1.0Tests */ = {
			isa = PBXGroup;
			children = (
				6528D8812B50528200B7BFFA /* Combatives_App_v1_0Tests.swift */,
			);
			path = "Combatives App v1.0Tests";
			sourceTree = "<group>";
		};
		6528D88A2B50528200B7BFFA /* Combatives App v1.0UITests */ = {
			isa = PBXGroup;
			children = (
				6528D88B2B50528200B7BFFA /* Combatives_App_v1_0UITests.swift */,
				6528D88D2B50528200B7BFFA /* Combatives_App_v1_0UITestsLaunchTests.swift */,
			);
			path = "Combatives App v1.0UITests";
			sourceTree = "<group>";
		};
		654352872B598FB20095F276 /* Authentication */ = {
			isa = PBXGroup;
			children = (
				657FAD4E2BA0BFE500B4A548 /* Subviews */,
				6543528A2B59924B0095F276 /* InitLogin.swift */,
				6543528E2B599C880095F276 /* AuthenticationManager.swift */,
			);
			path = Authentication;
			sourceTree = "<group>";
		};
		657FAD462BA0BCEE00B4A548 /* Frameworks */ = {
			isa = PBXGroup;
			children = (
			);
			name = Frameworks;
			sourceTree = "<group>";
		};
		657FAD4E2BA0BFE500B4A548 /* Subviews */ = {
			isa = PBXGroup;
			children = (
				6543528C2B5997AB0095F276 /* SignInWithEmailView.swift */,
				657FAD4F2BA0C00B00B4A548 /* SignInWithEmailViewModel.swift */,
				654352DE2B6188A50095F276 /* SignUpWithEmailView.swift */,
				657FAD512BA0C02C00B4A548 /* SignUpWithEmailViewModel.swift */,
			);
			path = Subviews;
			sourceTree = "<group>";
		};
		657FAD532BA0C10B00B4A548 /* Settings Functions */ = {
			isa = PBXGroup;
			children = (
				654352FE2B644BFB0095F276 /* ResetPasswordView.swift */,
				654353002B644E2B0095F276 /* UpdatePasswordView.swift */,
				65A16FD12B7A7457003A0AF9 /* UpdateEmailView.swift */,
			);
			path = "Settings Functions";
			sourceTree = "<group>";
		};
		657FAD542BA0C59900B4A548 /* Core */ = {
			isa = PBXGroup;
			children = (
				657FAD562BA0C62100B4A548 /* User Profile */,
				65A16FB02B715B35003A0AF9 /* Settings */,
				6583CE982BBB2494009569F3 /* Firestore */,
				654352872B598FB20095F276 /* Authentication */,
			);
			path = Core;
			sourceTree = "<group>";
		};
		657FAD552BA0C5B300B4A548 /* Visuals */ = {
			isa = PBXGroup;
			children = (
				3F61ECD52BD030C200B2EDA3 /* Grade Card 2 */,
				3F7CC1952B5993E300A9E3ED /* GradingView */,
				3F84420F2B7E7B5B00758C38 /* ClassView */,
				3F8442122B850DB000758C38 /* StudentListView */,
			);
			path = Visuals;
			sourceTree = "<group>";
		};
		657FAD562BA0C62100B4A548 /* User Profile */ = {
			isa = PBXGroup;
			children = (
				657FAD572BA0C63D00B4A548 /* ProfileView.swift */,
			);
			path = "User Profile";
			sourceTree = "<group>";
		};
		6583CE982BBB2494009569F3 /* Firestore */ = {
			isa = PBXGroup;
			children = (
				6583CE992BBB250B009569F3 /* UserManager.swift */,
				65FE28462BD8368500D4DC55 /* StudentManager.swift */,
				65FE28482BD836BC00D4DC55 /* ClassManager.swift */,
			);
			path = Firestore;
			sourceTree = "<group>";
		};
		65A16FB02B715B35003A0AF9 /* Settings */ = {
			isa = PBXGroup;
			children = (
				654352DC2B617CF40095F276 /* SettingsView.swift */,
				657FAD4C2BA0BF4700B4A548 /* SettingsViewModel.swift */,
				657FAD532BA0C10B00B4A548 /* Settings Functions */,
			);
			path = Settings;
			sourceTree = "<group>";
		};
		65FE283F2BD8197F00D4DC55 /* Sidebar Content */ = {
			isa = PBXGroup;
			children = (
				65FE283D2BD815F800D4DC55 /* SidebarSelection.swift */,
				3F8442052B7E7A3900758C38 /* SidebarView.swift */,
				65FE28402BD81B0F00D4DC55 /* SidebarContentView.swift */,
			);
			path = "Sidebar Content";
			sourceTree = "<group>";
		};
/* End PBXGroup section */

/* Begin PBXNativeTarget section */
		6528D86C2B50527F00B7BFFA /* Combatives App v1.0 */ = {
			isa = PBXNativeTarget;
			buildConfigurationList = 6528D8912B50528200B7BFFA /* Build configuration list for PBXNativeTarget "Combatives App v1.0" */;
			buildPhases = (
				6528D8692B50527F00B7BFFA /* Sources */,
				6528D86A2B50527F00B7BFFA /* Frameworks */,
				6528D86B2B50527F00B7BFFA /* Resources */,
			);
			buildRules = (
			);
			dependencies = (
			);
			name = "Combatives App v1.0";
			packageProductDependencies = (
				6528D89F2B506A4D00B7BFFA /* FirebaseAnalytics */,
				6528D8A12B506A4D00B7BFFA /* FirebaseAnalyticsOnDeviceConversion */,
				6528D8A32B506A4D00B7BFFA /* FirebaseAnalyticsSwift */,
				6528D8A52B506A4D00B7BFFA /* FirebaseAnalyticsWithoutAdIdSupport */,
				6528D8A72B506A4D00B7BFFA /* FirebaseAuth */,
				6528D8A92B506A4D00B7BFFA /* FirebaseAuthCombine-Community */,
				657FAD472BA0BCEE00B4A548 /* FirebaseFirestore */,
				657FAD492BA0BCEE00B4A548 /* FirebaseFirestoreSwift */,
			);
			productName = "Combatives App v1.0";
			productReference = 6528D86D2B50527F00B7BFFA /* Combatives App v1.0.app */;
			productType = "com.apple.product-type.application";
		};
		6528D87C2B50528200B7BFFA /* Combatives App v1.0Tests */ = {
			isa = PBXNativeTarget;
			buildConfigurationList = 6528D8942B50528200B7BFFA /* Build configuration list for PBXNativeTarget "Combatives App v1.0Tests" */;
			buildPhases = (
				6528D8792B50528200B7BFFA /* Sources */,
				6528D87A2B50528200B7BFFA /* Frameworks */,
				6528D87B2B50528200B7BFFA /* Resources */,
			);
			buildRules = (
			);
			dependencies = (
				6528D87F2B50528200B7BFFA /* PBXTargetDependency */,
			);
			name = "Combatives App v1.0Tests";
			productName = "Combatives App v1.0Tests";
			productReference = 6528D87D2B50528200B7BFFA /* Combatives App v1.0Tests.xctest */;
			productType = "com.apple.product-type.bundle.unit-test";
		};
		6528D8862B50528200B7BFFA /* Combatives App v1.0UITests */ = {
			isa = PBXNativeTarget;
			buildConfigurationList = 6528D8972B50528200B7BFFA /* Build configuration list for PBXNativeTarget "Combatives App v1.0UITests" */;
			buildPhases = (
				6528D8832B50528200B7BFFA /* Sources */,
				6528D8842B50528200B7BFFA /* Frameworks */,
				6528D8852B50528200B7BFFA /* Resources */,
			);
			buildRules = (
			);
			dependencies = (
				6528D8892B50528200B7BFFA /* PBXTargetDependency */,
			);
			name = "Combatives App v1.0UITests";
			productName = "Combatives App v1.0UITests";
			productReference = 6528D8872B50528200B7BFFA /* Combatives App v1.0UITests.xctest */;
			productType = "com.apple.product-type.bundle.ui-testing";
		};
/* End PBXNativeTarget section */

/* Begin PBXProject section */
		6528D8652B50527F00B7BFFA /* Project object */ = {
			isa = PBXProject;
			attributes = {
				BuildIndependentTargetsInParallel = 1;
				LastSwiftUpdateCheck = 1520;
				LastUpgradeCheck = 1520;
				TargetAttributes = {
					6528D86C2B50527F00B7BFFA = {
						CreatedOnToolsVersion = 15.2;
					};
					6528D87C2B50528200B7BFFA = {
						CreatedOnToolsVersion = 15.2;
						TestTargetID = 6528D86C2B50527F00B7BFFA;
					};
					6528D8862B50528200B7BFFA = {
						CreatedOnToolsVersion = 15.2;
						TestTargetID = 6528D86C2B50527F00B7BFFA;
					};
				};
			};
			buildConfigurationList = 6528D8682B50527F00B7BFFA /* Build configuration list for PBXProject "Combatives App v1.0" */;
			compatibilityVersion = "Xcode 14.0";
			developmentRegion = en;
			hasScannedForEncodings = 0;
			knownRegions = (
				en,
				Base,
			);
			mainGroup = 6528D8642B50527F00B7BFFA;
			packageReferences = (
				6528D89E2B506A4D00B7BFFA /* XCRemoteSwiftPackageReference "firebase-ios-sdk" */,
				3F97DFB22BE933EF0020171A /* XCRemoteSwiftPackageReference "SDWebImageSwiftUI" */,
			);
			productRefGroup = 6528D86E2B50527F00B7BFFA /* Products */;
			projectDirPath = "";
			projectRoot = "";
			targets = (
				6528D86C2B50527F00B7BFFA /* Combatives App v1.0 */,
				6528D87C2B50528200B7BFFA /* Combatives App v1.0Tests */,
				6528D8862B50528200B7BFFA /* Combatives App v1.0UITests */,
			);
		};
/* End PBXProject section */

/* Begin PBXResourcesBuildPhase section */
		6528D86B2B50527F00B7BFFA /* Resources */ = {
			isa = PBXResourcesBuildPhase;
			buildActionMask = 2147483647;
			files = (
				6528D8782B50528200B7BFFA /* Preview Assets.xcassets in Resources */,
				6528D8752B50528200B7BFFA /* Assets.xcassets in Resources */,
				654352862B598E2E0095F276 /* GoogleService-Info.plist in Resources */,
			);
			runOnlyForDeploymentPostprocessing = 0;
		};
		6528D87B2B50528200B7BFFA /* Resources */ = {
			isa = PBXResourcesBuildPhase;
			buildActionMask = 2147483647;
			files = (
			);
			runOnlyForDeploymentPostprocessing = 0;
		};
		6528D8852B50528200B7BFFA /* Resources */ = {
			isa = PBXResourcesBuildPhase;
			buildActionMask = 2147483647;
			files = (
			);
			runOnlyForDeploymentPostprocessing = 0;
		};
/* End PBXResourcesBuildPhase section */

/* Begin PBXSourcesBuildPhase section */
		6528D8692B50527F00B7BFFA /* Sources */ = {
			isa = PBXSourcesBuildPhase;
			buildActionMask = 2147483647;
			files = (
				65FE284B2BE3F9E300D4DC55 /* AddClassView.swift in Sources */,
				657B38722BE995A2005BE647 /* StudentListView.swift in Sources */,
				654353012B644E2B0095F276 /* UpdatePasswordView.swift in Sources */,
				3F61ECCD2BBDC3BA00B2EDA3 /* SideMtBlueDP.swift in Sources */,
				3F61ECC62BBDC1E000B2EDA3 /* RearMtGreyDP.swift in Sources */,
				657FAD522BA0C02C00B4A548 /* SignUpWithEmailViewModel.swift in Sources */,
				657FAD502BA0C00B00B4A548 /* SignInWithEmailViewModel.swift in Sources */,
				65FE28492BD836BC00D4DC55 /* ClassManager.swift in Sources */,
				651813D52BED0F71000DD3C6 /* ROEView.swift in Sources */,
				3F8442062B7E7A3900758C38 /* SidebarView.swift in Sources */,
				65FE28472BD8368500D4DC55 /* StudentManager.swift in Sources */,
				6583CE9A2BBB250B009569F3 /* UserManager.swift in Sources */,
				6543528B2B59924B0095F276 /* InitLogin.swift in Sources */,
				657B38702BE99589005BE647 /* StudentView.swift in Sources */,
				65FE28452BD81C6F00D4DC55 /* ActionsView.swift in Sources */,
				651813D72BED24C4000DD3C6 /* HomeScreenView.swift in Sources */,
				3F61ECCF2BBDC3D200B2EDA3 /* SideMtGreyDP.swift in Sources */,
				654352DD2B617CF40095F276 /* SettingsView.swift in Sources */,
				3F97DFB72BE947B40020171A /* GreyGrade.swift in Sources */,
				3F61ECC22BBDB58800B2EDA3 /* ScoringItemStruct.swift in Sources */,
				654352FF2B644BFB0095F276 /* ResetPasswordView.swift in Sources */,
				3F61ECD32BBDC46700B2EDA3 /* ClosedGuardGreyDP.swift in Sources */,
				3F7CC1992B5ED1F500A9E3ED /* RearMtBlueDP.swift in Sources */,
				3F84421B2B8E4AD100758C38 /* GradeListView.swift in Sources */,
				65FE28412BD81B0F00D4DC55 /* SidebarContentView.swift in Sources */,
				3F8442182B8E4A0000758C38 /* AddStudentView.swift in Sources */,
				6543528B2B59924B0095F276 /* InitLogin.swift in Sources */,
				3F61ECD72BD0311900B2EDA3 /* StandingGR.swift in Sources */,
				3F61ECC42BBDB5A900B2EDA3 /* ScoringRow.swift in Sources */,
				3F7CC1972B59940800A9E3ED /* BlueGrade.swift in Sources */,
				6528D8732B50527F00B7BFFA /* ContentView.swift in Sources */,
				651813D92BED2B28000DD3C6 /* GridViewViewModel.swift in Sources */,
				657FAD582BA0C63D00B4A548 /* ProfileView.swift in Sources */,
				6528D8712B50527F00B7BFFA /* Combatives_App_v1_0App.swift in Sources */,
				654352DF2B6188A50095F276 /* SignUpWithEmailView.swift in Sources */,
				3F84421D2B8E547600758C38 /* AddGradeView.swift in Sources */,
				65FE283E2BD815F800D4DC55 /* SidebarSelection.swift in Sources */,
				6543528F2B599C880095F276 /* AuthenticationManager.swift in Sources */,
				3F61ECCB2BBDC2B900B2EDA3 /* FrontMtGreyDP.swift in Sources */,
				3F8442112B7E7B7400758C38 /* ClassView.swift in Sources */,
				3F61ECD12BBDC45B00B2EDA3 /* ClosedGuardBlueDP.swift in Sources */,
				3F61ECC92BBDC2A400B2EDA3 /* FrontMtBlueDP.swift in Sources */,
				65A16FD22B7A7457003A0AF9 /* UpdateEmailView.swift in Sources */,
				3F84420E2B7E7AC700758C38 /* GridView.swift in Sources */,
				6543528D2B5997AB0095F276 /* SignInWithEmailView.swift in Sources */,
				657FAD4D2BA0BF4700B4A548 /* SettingsViewModel.swift in Sources */,
			);
			runOnlyForDeploymentPostprocessing = 0;
		};
		6528D8792B50528200B7BFFA /* Sources */ = {
			isa = PBXSourcesBuildPhase;
			buildActionMask = 2147483647;
			files = (
				6528D8822B50528200B7BFFA /* Combatives_App_v1_0Tests.swift in Sources */,
			);
			runOnlyForDeploymentPostprocessing = 0;
		};
		6528D8832B50528200B7BFFA /* Sources */ = {
			isa = PBXSourcesBuildPhase;
			buildActionMask = 2147483647;
			files = (
				6528D88C2B50528200B7BFFA /* Combatives_App_v1_0UITests.swift in Sources */,
				6528D88E2B50528200B7BFFA /* Combatives_App_v1_0UITestsLaunchTests.swift in Sources */,
			);
			runOnlyForDeploymentPostprocessing = 0;
		};
/* End PBXSourcesBuildPhase section */

/* Begin PBXTargetDependency section */
		6528D87F2B50528200B7BFFA /* PBXTargetDependency */ = {
			isa = PBXTargetDependency;
			target = 6528D86C2B50527F00B7BFFA /* Combatives App v1.0 */;
			targetProxy = 6528D87E2B50528200B7BFFA /* PBXContainerItemProxy */;
		};
		6528D8892B50528200B7BFFA /* PBXTargetDependency */ = {
			isa = PBXTargetDependency;
			target = 6528D86C2B50527F00B7BFFA /* Combatives App v1.0 */;
			targetProxy = 6528D8882B50528200B7BFFA /* PBXContainerItemProxy */;
		};
/* End PBXTargetDependency section */

/* Begin XCBuildConfiguration section */
		6528D88F2B50528200B7BFFA /* Debug */ = {
			isa = XCBuildConfiguration;
			buildSettings = {
				ALWAYS_SEARCH_USER_PATHS = NO;
				ASSETCATALOG_COMPILER_GENERATE_SWIFT_ASSET_SYMBOL_EXTENSIONS = YES;
				CLANG_ANALYZER_NONNULL = YES;
				CLANG_ANALYZER_NUMBER_OBJECT_CONVERSION = YES_AGGRESSIVE;
				CLANG_CXX_LANGUAGE_STANDARD = "gnu++20";
				CLANG_ENABLE_MODULES = YES;
				CLANG_ENABLE_OBJC_ARC = YES;
				CLANG_ENABLE_OBJC_WEAK = YES;
				CLANG_WARN_BLOCK_CAPTURE_AUTORELEASING = YES;
				CLANG_WARN_BOOL_CONVERSION = YES;
				CLANG_WARN_COMMA = YES;
				CLANG_WARN_CONSTANT_CONVERSION = YES;
				CLANG_WARN_DEPRECATED_OBJC_IMPLEMENTATIONS = YES;
				CLANG_WARN_DIRECT_OBJC_ISA_USAGE = YES_ERROR;
				CLANG_WARN_DOCUMENTATION_COMMENTS = YES;
				CLANG_WARN_EMPTY_BODY = YES;
				CLANG_WARN_ENUM_CONVERSION = YES;
				CLANG_WARN_INFINITE_RECURSION = YES;
				CLANG_WARN_INT_CONVERSION = YES;
				CLANG_WARN_NON_LITERAL_NULL_CONVERSION = YES;
				CLANG_WARN_OBJC_IMPLICIT_RETAIN_SELF = YES;
				CLANG_WARN_OBJC_LITERAL_CONVERSION = YES;
				CLANG_WARN_OBJC_ROOT_CLASS = YES_ERROR;
				CLANG_WARN_QUOTED_INCLUDE_IN_FRAMEWORK_HEADER = YES;
				CLANG_WARN_RANGE_LOOP_ANALYSIS = YES;
				CLANG_WARN_STRICT_PROTOTYPES = YES;
				CLANG_WARN_SUSPICIOUS_MOVE = YES;
				CLANG_WARN_UNGUARDED_AVAILABILITY = YES_AGGRESSIVE;
				CLANG_WARN_UNREACHABLE_CODE = YES;
				CLANG_WARN__DUPLICATE_METHOD_MATCH = YES;
				COPY_PHASE_STRIP = NO;
				DEBUG_INFORMATION_FORMAT = dwarf;
				ENABLE_STRICT_OBJC_MSGSEND = YES;
				ENABLE_TESTABILITY = YES;
				ENABLE_USER_SCRIPT_SANDBOXING = YES;
				GCC_C_LANGUAGE_STANDARD = gnu17;
				GCC_DYNAMIC_NO_PIC = NO;
				GCC_NO_COMMON_BLOCKS = YES;
				GCC_OPTIMIZATION_LEVEL = 0;
				GCC_PREPROCESSOR_DEFINITIONS = (
					"DEBUG=1",
					"$(inherited)",
				);
				GCC_WARN_64_TO_32_BIT_CONVERSION = YES;
				GCC_WARN_ABOUT_RETURN_TYPE = YES_ERROR;
				GCC_WARN_UNDECLARED_SELECTOR = YES;
				GCC_WARN_UNINITIALIZED_AUTOS = YES_AGGRESSIVE;
				GCC_WARN_UNUSED_FUNCTION = YES;
				GCC_WARN_UNUSED_VARIABLE = YES;
				IPHONEOS_DEPLOYMENT_TARGET = 17.2;
				LOCALIZATION_PREFERS_STRING_CATALOGS = YES;
				MTL_ENABLE_DEBUG_INFO = INCLUDE_SOURCE;
				MTL_FAST_MATH = YES;
				ONLY_ACTIVE_ARCH = YES;
				SDKROOT = iphoneos;
				SWIFT_ACTIVE_COMPILATION_CONDITIONS = "DEBUG $(inherited)";
				SWIFT_OPTIMIZATION_LEVEL = "-Onone";
			};
			name = Debug;
		};
		6528D8902B50528200B7BFFA /* Release */ = {
			isa = XCBuildConfiguration;
			buildSettings = {
				ALWAYS_SEARCH_USER_PATHS = NO;
				ASSETCATALOG_COMPILER_GENERATE_SWIFT_ASSET_SYMBOL_EXTENSIONS = YES;
				CLANG_ANALYZER_NONNULL = YES;
				CLANG_ANALYZER_NUMBER_OBJECT_CONVERSION = YES_AGGRESSIVE;
				CLANG_CXX_LANGUAGE_STANDARD = "gnu++20";
				CLANG_ENABLE_MODULES = YES;
				CLANG_ENABLE_OBJC_ARC = YES;
				CLANG_ENABLE_OBJC_WEAK = YES;
				CLANG_WARN_BLOCK_CAPTURE_AUTORELEASING = YES;
				CLANG_WARN_BOOL_CONVERSION = YES;
				CLANG_WARN_COMMA = YES;
				CLANG_WARN_CONSTANT_CONVERSION = YES;
				CLANG_WARN_DEPRECATED_OBJC_IMPLEMENTATIONS = YES;
				CLANG_WARN_DIRECT_OBJC_ISA_USAGE = YES_ERROR;
				CLANG_WARN_DOCUMENTATION_COMMENTS = YES;
				CLANG_WARN_EMPTY_BODY = YES;
				CLANG_WARN_ENUM_CONVERSION = YES;
				CLANG_WARN_INFINITE_RECURSION = YES;
				CLANG_WARN_INT_CONVERSION = YES;
				CLANG_WARN_NON_LITERAL_NULL_CONVERSION = YES;
				CLANG_WARN_OBJC_IMPLICIT_RETAIN_SELF = YES;
				CLANG_WARN_OBJC_LITERAL_CONVERSION = YES;
				CLANG_WARN_OBJC_ROOT_CLASS = YES_ERROR;
				CLANG_WARN_QUOTED_INCLUDE_IN_FRAMEWORK_HEADER = YES;
				CLANG_WARN_RANGE_LOOP_ANALYSIS = YES;
				CLANG_WARN_STRICT_PROTOTYPES = YES;
				CLANG_WARN_SUSPICIOUS_MOVE = YES;
				CLANG_WARN_UNGUARDED_AVAILABILITY = YES_AGGRESSIVE;
				CLANG_WARN_UNREACHABLE_CODE = YES;
				CLANG_WARN__DUPLICATE_METHOD_MATCH = YES;
				COPY_PHASE_STRIP = NO;
				DEBUG_INFORMATION_FORMAT = "dwarf-with-dsym";
				ENABLE_NS_ASSERTIONS = NO;
				ENABLE_STRICT_OBJC_MSGSEND = YES;
				ENABLE_USER_SCRIPT_SANDBOXING = YES;
				GCC_C_LANGUAGE_STANDARD = gnu17;
				GCC_NO_COMMON_BLOCKS = YES;
				GCC_WARN_64_TO_32_BIT_CONVERSION = YES;
				GCC_WARN_ABOUT_RETURN_TYPE = YES_ERROR;
				GCC_WARN_UNDECLARED_SELECTOR = YES;
				GCC_WARN_UNINITIALIZED_AUTOS = YES_AGGRESSIVE;
				GCC_WARN_UNUSED_FUNCTION = YES;
				GCC_WARN_UNUSED_VARIABLE = YES;
				IPHONEOS_DEPLOYMENT_TARGET = 17.2;
				LOCALIZATION_PREFERS_STRING_CATALOGS = YES;
				MTL_ENABLE_DEBUG_INFO = NO;
				MTL_FAST_MATH = YES;
				SDKROOT = iphoneos;
				SWIFT_COMPILATION_MODE = wholemodule;
				VALIDATE_PRODUCT = YES;
			};
			name = Release;
		};
		6528D8922B50528200B7BFFA /* Debug */ = {
			isa = XCBuildConfiguration;
			buildSettings = {
				ASSETCATALOG_COMPILER_APPICON_NAME = AppIcon;
				ASSETCATALOG_COMPILER_GLOBAL_ACCENT_COLOR_NAME = AccentColor;
				CODE_SIGN_STYLE = Automatic;
				CURRENT_PROJECT_VERSION = 1;
				DEVELOPMENT_ASSET_PATHS = "\"Combatives App v1.0/Preview Content\"";
				DEVELOPMENT_TEAM = G27W3B33FR;
				ENABLE_PREVIEWS = YES;
				GENERATE_INFOPLIST_FILE = YES;
				INFOPLIST_KEY_UIApplicationSceneManifest_Generation = YES;
				INFOPLIST_KEY_UIApplicationSupportsIndirectInputEvents = YES;
				INFOPLIST_KEY_UILaunchScreen_Generation = YES;
				INFOPLIST_KEY_UISupportedInterfaceOrientations_iPad = "UIInterfaceOrientationPortrait UIInterfaceOrientationPortraitUpsideDown UIInterfaceOrientationLandscapeLeft UIInterfaceOrientationLandscapeRight";
				INFOPLIST_KEY_UISupportedInterfaceOrientations_iPhone = "UIInterfaceOrientationPortrait UIInterfaceOrientationLandscapeLeft UIInterfaceOrientationLandscapeRight";
				LD_RUNPATH_SEARCH_PATHS = (
					"$(inherited)",
					"@executable_path/Frameworks",
				);
				MARKETING_VERSION = 1.0;
				PRODUCT_BUNDLE_IDENTIFIER = "Huber-Bleakney-CombativesApp.Combatives-App-v1-0";
				PRODUCT_NAME = "$(TARGET_NAME)";
				SWIFT_EMIT_LOC_STRINGS = YES;
				SWIFT_VERSION = 5.0;
				TARGETED_DEVICE_FAMILY = "1,2";
			};
			name = Debug;
		};
		6528D8932B50528200B7BFFA /* Release */ = {
			isa = XCBuildConfiguration;
			buildSettings = {
				ASSETCATALOG_COMPILER_APPICON_NAME = AppIcon;
				ASSETCATALOG_COMPILER_GLOBAL_ACCENT_COLOR_NAME = AccentColor;
				CODE_SIGN_STYLE = Automatic;
				CURRENT_PROJECT_VERSION = 1;
				DEVELOPMENT_ASSET_PATHS = "\"Combatives App v1.0/Preview Content\"";
				DEVELOPMENT_TEAM = G27W3B33FR;
				ENABLE_PREVIEWS = YES;
				GENERATE_INFOPLIST_FILE = YES;
				INFOPLIST_KEY_UIApplicationSceneManifest_Generation = YES;
				INFOPLIST_KEY_UIApplicationSupportsIndirectInputEvents = YES;
				INFOPLIST_KEY_UILaunchScreen_Generation = YES;
				INFOPLIST_KEY_UISupportedInterfaceOrientations_iPad = "UIInterfaceOrientationPortrait UIInterfaceOrientationPortraitUpsideDown UIInterfaceOrientationLandscapeLeft UIInterfaceOrientationLandscapeRight";
				INFOPLIST_KEY_UISupportedInterfaceOrientations_iPhone = "UIInterfaceOrientationPortrait UIInterfaceOrientationLandscapeLeft UIInterfaceOrientationLandscapeRight";
				LD_RUNPATH_SEARCH_PATHS = (
					"$(inherited)",
					"@executable_path/Frameworks",
				);
				MARKETING_VERSION = 1.0;
				PRODUCT_BUNDLE_IDENTIFIER = "Huber-Bleakney-CombativesApp.Combatives-App-v1-0";
				PRODUCT_NAME = "$(TARGET_NAME)";
				SWIFT_EMIT_LOC_STRINGS = YES;
				SWIFT_VERSION = 5.0;
				TARGETED_DEVICE_FAMILY = "1,2";
			};
			name = Release;
		};
		6528D8952B50528200B7BFFA /* Debug */ = {
			isa = XCBuildConfiguration;
			buildSettings = {
				ALWAYS_EMBED_SWIFT_STANDARD_LIBRARIES = YES;
				BUNDLE_LOADER = "$(TEST_HOST)";
				CODE_SIGN_STYLE = Automatic;
				CURRENT_PROJECT_VERSION = 1;
				DEVELOPMENT_TEAM = G27W3B33FR;
				GENERATE_INFOPLIST_FILE = YES;
				IPHONEOS_DEPLOYMENT_TARGET = 17.2;
				MARKETING_VERSION = 1.0;
				PRODUCT_BUNDLE_IDENTIFIER = "Huber-Bleakney-CombativesApp.Combatives-App-v1-0Tests";
				PRODUCT_NAME = "$(TARGET_NAME)";
				SWIFT_EMIT_LOC_STRINGS = NO;
				SWIFT_VERSION = 5.0;
				TARGETED_DEVICE_FAMILY = "1,2";
				TEST_HOST = "$(BUILT_PRODUCTS_DIR)/Combatives App v1.0.app/$(BUNDLE_EXECUTABLE_FOLDER_PATH)/Combatives App v1.0";
			};
			name = Debug;
		};
		6528D8962B50528200B7BFFA /* Release */ = {
			isa = XCBuildConfiguration;
			buildSettings = {
				ALWAYS_EMBED_SWIFT_STANDARD_LIBRARIES = YES;
				BUNDLE_LOADER = "$(TEST_HOST)";
				CODE_SIGN_STYLE = Automatic;
				CURRENT_PROJECT_VERSION = 1;
				DEVELOPMENT_TEAM = G27W3B33FR;
				GENERATE_INFOPLIST_FILE = YES;
				IPHONEOS_DEPLOYMENT_TARGET = 17.2;
				MARKETING_VERSION = 1.0;
				PRODUCT_BUNDLE_IDENTIFIER = "Huber-Bleakney-CombativesApp.Combatives-App-v1-0Tests";
				PRODUCT_NAME = "$(TARGET_NAME)";
				SWIFT_EMIT_LOC_STRINGS = NO;
				SWIFT_VERSION = 5.0;
				TARGETED_DEVICE_FAMILY = "1,2";
				TEST_HOST = "$(BUILT_PRODUCTS_DIR)/Combatives App v1.0.app/$(BUNDLE_EXECUTABLE_FOLDER_PATH)/Combatives App v1.0";
			};
			name = Release;
		};
		6528D8982B50528200B7BFFA /* Debug */ = {
			isa = XCBuildConfiguration;
			buildSettings = {
				ALWAYS_EMBED_SWIFT_STANDARD_LIBRARIES = YES;
				CODE_SIGN_STYLE = Automatic;
				CURRENT_PROJECT_VERSION = 1;
				DEVELOPMENT_TEAM = G27W3B33FR;
				GENERATE_INFOPLIST_FILE = YES;
				MARKETING_VERSION = 1.0;
				PRODUCT_BUNDLE_IDENTIFIER = "Huber-Bleakney-CombativesApp.Combatives-App-v1-0UITests";
				PRODUCT_NAME = "$(TARGET_NAME)";
				SWIFT_EMIT_LOC_STRINGS = NO;
				SWIFT_VERSION = 5.0;
				TARGETED_DEVICE_FAMILY = "1,2";
				TEST_TARGET_NAME = "Combatives App v1.0";
			};
			name = Debug;
		};
		6528D8992B50528200B7BFFA /* Release */ = {
			isa = XCBuildConfiguration;
			buildSettings = {
				ALWAYS_EMBED_SWIFT_STANDARD_LIBRARIES = YES;
				CODE_SIGN_STYLE = Automatic;
				CURRENT_PROJECT_VERSION = 1;
				DEVELOPMENT_TEAM = G27W3B33FR;
				GENERATE_INFOPLIST_FILE = YES;
				MARKETING_VERSION = 1.0;
				PRODUCT_BUNDLE_IDENTIFIER = "Huber-Bleakney-CombativesApp.Combatives-App-v1-0UITests";
				PRODUCT_NAME = "$(TARGET_NAME)";
				SWIFT_EMIT_LOC_STRINGS = NO;
				SWIFT_VERSION = 5.0;
				TARGETED_DEVICE_FAMILY = "1,2";
				TEST_TARGET_NAME = "Combatives App v1.0";
			};
			name = Release;
		};
/* End XCBuildConfiguration section */

/* Begin XCConfigurationList section */
		6528D8682B50527F00B7BFFA /* Build configuration list for PBXProject "Combatives App v1.0" */ = {
			isa = XCConfigurationList;
			buildConfigurations = (
				6528D88F2B50528200B7BFFA /* Debug */,
				6528D8902B50528200B7BFFA /* Release */,
			);
			defaultConfigurationIsVisible = 0;
			defaultConfigurationName = Release;
		};
		6528D8912B50528200B7BFFA /* Build configuration list for PBXNativeTarget "Combatives App v1.0" */ = {
			isa = XCConfigurationList;
			buildConfigurations = (
				6528D8922B50528200B7BFFA /* Debug */,
				6528D8932B50528200B7BFFA /* Release */,
			);
			defaultConfigurationIsVisible = 0;
			defaultConfigurationName = Release;
		};
		6528D8942B50528200B7BFFA /* Build configuration list for PBXNativeTarget "Combatives App v1.0Tests" */ = {
			isa = XCConfigurationList;
			buildConfigurations = (
				6528D8952B50528200B7BFFA /* Debug */,
				6528D8962B50528200B7BFFA /* Release */,
			);
			defaultConfigurationIsVisible = 0;
			defaultConfigurationName = Release;
		};
		6528D8972B50528200B7BFFA /* Build configuration list for PBXNativeTarget "Combatives App v1.0UITests" */ = {
			isa = XCConfigurationList;
			buildConfigurations = (
				6528D8982B50528200B7BFFA /* Debug */,
				6528D8992B50528200B7BFFA /* Release */,
			);
			defaultConfigurationIsVisible = 0;
			defaultConfigurationName = Release;
		};
/* End XCConfigurationList section */

/* Begin XCRemoteSwiftPackageReference section */
		3F97DFB22BE933EF0020171A /* XCRemoteSwiftPackageReference "SDWebImageSwiftUI" */ = {
			isa = XCRemoteSwiftPackageReference;
			repositoryURL = "https://github.com/SDWebImage/SDWebImageSwiftUI";
			requirement = {
				kind = upToNextMajorVersion;
				minimumVersion = 3.0.4;
			};
		};
		6528D89E2B506A4D00B7BFFA /* XCRemoteSwiftPackageReference "firebase-ios-sdk" */ = {
			isa = XCRemoteSwiftPackageReference;
			repositoryURL = "https://github.com/firebase/firebase-ios-sdk";
			requirement = {
				kind = upToNextMajorVersion;
				minimumVersion = 10.19.1;
			};
		};
/* End XCRemoteSwiftPackageReference section */

/* Begin XCSwiftPackageProductDependency section */
		6528D89F2B506A4D00B7BFFA /* FirebaseAnalytics */ = {
			isa = XCSwiftPackageProductDependency;
			package = 6528D89E2B506A4D00B7BFFA /* XCRemoteSwiftPackageReference "firebase-ios-sdk" */;
			productName = FirebaseAnalytics;
		};
		6528D8A12B506A4D00B7BFFA /* FirebaseAnalyticsOnDeviceConversion */ = {
			isa = XCSwiftPackageProductDependency;
			package = 6528D89E2B506A4D00B7BFFA /* XCRemoteSwiftPackageReference "firebase-ios-sdk" */;
			productName = FirebaseAnalyticsOnDeviceConversion;
		};
		6528D8A32B506A4D00B7BFFA /* FirebaseAnalyticsSwift */ = {
			isa = XCSwiftPackageProductDependency;
			package = 6528D89E2B506A4D00B7BFFA /* XCRemoteSwiftPackageReference "firebase-ios-sdk" */;
			productName = FirebaseAnalyticsSwift;
		};
		6528D8A52B506A4D00B7BFFA /* FirebaseAnalyticsWithoutAdIdSupport */ = {
			isa = XCSwiftPackageProductDependency;
			package = 6528D89E2B506A4D00B7BFFA /* XCRemoteSwiftPackageReference "firebase-ios-sdk" */;
			productName = FirebaseAnalyticsWithoutAdIdSupport;
		};
		6528D8A72B506A4D00B7BFFA /* FirebaseAuth */ = {
			isa = XCSwiftPackageProductDependency;
			package = 6528D89E2B506A4D00B7BFFA /* XCRemoteSwiftPackageReference "firebase-ios-sdk" */;
			productName = FirebaseAuth;
		};
		6528D8A92B506A4D00B7BFFA /* FirebaseAuthCombine-Community */ = {
			isa = XCSwiftPackageProductDependency;
			package = 6528D89E2B506A4D00B7BFFA /* XCRemoteSwiftPackageReference "firebase-ios-sdk" */;
			productName = "FirebaseAuthCombine-Community";
		};
		657FAD472BA0BCEE00B4A548 /* FirebaseFirestore */ = {
			isa = XCSwiftPackageProductDependency;
			package = 6528D89E2B506A4D00B7BFFA /* XCRemoteSwiftPackageReference "firebase-ios-sdk" */;
			productName = FirebaseFirestore;
		};
		657FAD492BA0BCEE00B4A548 /* FirebaseFirestoreSwift */ = {
			isa = XCSwiftPackageProductDependency;
			package = 6528D89E2B506A4D00B7BFFA /* XCRemoteSwiftPackageReference "firebase-ios-sdk" */;
			productName = FirebaseFirestoreSwift;
		};
/* End XCSwiftPackageProductDependency section */
	};
	rootObject = 6528D8652B50527F00B7BFFA /* Project object */;
}
