// !$*UTF8*$!
{
	archiveVersion = 1;
	classes = {
	};
	objectVersion = 56;
	objects = {

/* Begin PBXBuildFile section */
		3F7CC1972B59940800A9E3ED /* BlueGrade.swift in Sources */ = {isa = PBXBuildFile; fileRef = 3F7CC1962B59940800A9E3ED /* BlueGrade.swift */; };
		3F7CC1992B5ED1F500A9E3ED /* BlueDominant.swift in Sources */ = {isa = PBXBuildFile; fileRef = 3F7CC1982B5ED1F500A9E3ED /* BlueDominant.swift */; };
		3F8442002B7BE5F600758C38 /* HomeScreen.swift in Sources */ = {isa = PBXBuildFile; fileRef = 3F8441FF2B7BE5F600758C38 /* HomeScreen.swift */; };
		3F8442062B7E7A3900758C38 /* SidebarView.swift in Sources */ = {isa = PBXBuildFile; fileRef = 3F8442052B7E7A3900758C38 /* SidebarView.swift */; };
		3F8442082B7E7A6100758C38 /* MainContentView.swift in Sources */ = {isa = PBXBuildFile; fileRef = 3F8442072B7E7A6100758C38 /* MainContentView.swift */; };
		3F84420A2B7E7A7E00758C38 /* DetailView.swift in Sources */ = {isa = PBXBuildFile; fileRef = 3F8442092B7E7A7E00758C38 /* DetailView.swift */; };
		3F84420C2B7E7AAA00758C38 /* UserProfileView.swift in Sources */ = {isa = PBXBuildFile; fileRef = 3F84420B2B7E7AAA00758C38 /* UserProfileView.swift */; };
		3F84420E2B7E7AC700758C38 /* GridView.swift in Sources */ = {isa = PBXBuildFile; fileRef = 3F84420D2B7E7AC700758C38 /* GridView.swift */; };
		3F8442112B7E7B7400758C38 /* ClassView.swift in Sources */ = {isa = PBXBuildFile; fileRef = 3F8442102B7E7B7400758C38 /* ClassView.swift */; };
		6528D8712B50527F00B7BFFA /* Combatives_App_v1_0App.swift in Sources */ = {isa = PBXBuildFile; fileRef = 6528D8702B50527F00B7BFFA /* Combatives_App_v1_0App.swift */; };
		6528D8732B50527F00B7BFFA /* ContentView.swift in Sources */ = {isa = PBXBuildFile; fileRef = 6528D8722B50527F00B7BFFA /* ContentView.swift */; };
		6528D8752B50528200B7BFFA /* Assets.xcassets in Resources */ = {isa = PBXBuildFile; fileRef = 6528D8742B50528200B7BFFA /* Assets.xcassets */; };
		6528D8782B50528200B7BFFA /* Preview Assets.xcassets in Resources */ = {isa = PBXBuildFile; fileRef = 6528D8772B50528200B7BFFA /* Preview Assets.xcassets */; };
		6528D8822B50528200B7BFFA /* Combatives_App_v1_0Tests.swift in Sources */ = {isa = PBXBuildFile; fileRef = 6528D8812B50528200B7BFFA /* Combatives_App_v1_0Tests.swift */; };
		6528D88C2B50528200B7BFFA /* Combatives_App_v1_0UITests.swift in Sources */ = {isa = PBXBuildFile; fileRef = 6528D88B2B50528200B7BFFA /* Combatives_App_v1_0UITests.swift */; };
		6528D88E2B50528200B7BFFA /* Combatives_App_v1_0UITestsLaunchTests.swift in Sources */ = {isa = PBXBuildFile; fileRef = 6528D88D2B50528200B7BFFA /* Combatives_App_v1_0UITestsLaunchTests.swift */; };
		6528D8A02B506A4D00B7BFFA /* FirebaseAnalytics in Frameworks */ = {isa = PBXBuildFile; productRef = 6528D89F2B506A4D00B7BFFA /* FirebaseAnalytics */; };
		6528D8A22B506A4D00B7BFFA /* FirebaseAnalyticsOnDeviceConversion in Frameworks */ = {isa = PBXBuildFile; productRef = 6528D8A12B506A4D00B7BFFA /* FirebaseAnalyticsOnDeviceConversion */; };
		6528D8A42B506A4D00B7BFFA /* FirebaseAnalyticsSwift in Frameworks */ = {isa = PBXBuildFile; productRef = 6528D8A32B506A4D00B7BFFA /* FirebaseAnalyticsSwift */; };
		6528D8A62B506A4D00B7BFFA /* FirebaseAnalyticsWithoutAdIdSupport in Frameworks */ = {isa = PBXBuildFile; productRef = 6528D8A52B506A4D00B7BFFA /* FirebaseAnalyticsWithoutAdIdSupport */; };
		6528D8A82B506A4D00B7BFFA /* FirebaseAuth in Frameworks */ = {isa = PBXBuildFile; productRef = 6528D8A72B506A4D00B7BFFA /* FirebaseAuth */; };
		6528D8AA2B506A4D00B7BFFA /* FirebaseAuthCombine-Community in Frameworks */ = {isa = PBXBuildFile; productRef = 6528D8A92B506A4D00B7BFFA /* FirebaseAuthCombine-Community */; };
		654352862B598E2E0095F276 /* GoogleService-Info.plist in Resources */ = {isa = PBXBuildFile; fileRef = 654352852B598E2E0095F276 /* GoogleService-Info.plist */; };
		6543528B2B59924B0095F276 /* InitLogin.swift in Sources */ = {isa = PBXBuildFile; fileRef = 6543528A2B59924B0095F276 /* InitLogin.swift */; };
		6543528D2B5997AB0095F276 /* SignInWithEmailView.swift in Sources */ = {isa = PBXBuildFile; fileRef = 6543528C2B5997AB0095F276 /* SignInWithEmailView.swift */; };
		6543528F2B599C880095F276 /* AuthenticationManager.swift in Sources */ = {isa = PBXBuildFile; fileRef = 6543528E2B599C880095F276 /* AuthenticationManager.swift */; };
		654352DB2B6179EC0095F276 /* RootView.swift in Sources */ = {isa = PBXBuildFile; fileRef = 654352DA2B6179EC0095F276 /* RootView.swift */; };
		654352DD2B617CF40095F276 /* SettingsView.swift in Sources */ = {isa = PBXBuildFile; fileRef = 654352DC2B617CF40095F276 /* SettingsView.swift */; };
		654352DF2B6188A50095F276 /* SignUpWithEmailView.swift in Sources */ = {isa = PBXBuildFile; fileRef = 654352DE2B6188A50095F276 /* SignUpWithEmailView.swift */; };
		654352FF2B644BFB0095F276 /* ResetPasswordView.swift in Sources */ = {isa = PBXBuildFile; fileRef = 654352FE2B644BFB0095F276 /* ResetPasswordView.swift */; };
		654353012B644E2B0095F276 /* UpdatePasswordView.swift in Sources */ = {isa = PBXBuildFile; fileRef = 654353002B644E2B0095F276 /* UpdatePasswordView.swift */; };
		65A16FD22B7A7457003A0AF9 /* UpdateEmailView.swift in Sources */ = {isa = PBXBuildFile; fileRef = 65A16FD12B7A7457003A0AF9 /* UpdateEmailView.swift */; };
/* End PBXBuildFile section */

/* Begin PBXContainerItemProxy section */
		6528D87E2B50528200B7BFFA /* PBXContainerItemProxy */ = {
			isa = PBXContainerItemProxy;
			containerPortal = 6528D8652B50527F00B7BFFA /* Project object */;
			proxyType = 1;
			remoteGlobalIDString = 6528D86C2B50527F00B7BFFA;
			remoteInfo = "Combatives App v1.0";
		};
		6528D8882B50528200B7BFFA /* PBXContainerItemProxy */ = {
			isa = PBXContainerItemProxy;
			containerPortal = 6528D8652B50527F00B7BFFA /* Project object */;
			proxyType = 1;
			remoteGlobalIDString = 6528D86C2B50527F00B7BFFA;
			remoteInfo = "Combatives App v1.0";
		};
/* End PBXContainerItemProxy section */

/* Begin PBXFileReference section */
		3F7CC1962B59940800A9E3ED /* BlueGrade.swift */ = {isa = PBXFileReference; lastKnownFileType = sourcecode.swift; path = BlueGrade.swift; sourceTree = "<group>"; };
		3F7CC1982B5ED1F500A9E3ED /* BlueDominant.swift */ = {isa = PBXFileReference; lastKnownFileType = sourcecode.swift; path = BlueDominant.swift; sourceTree = "<group>"; };
		3F8441FF2B7BE5F600758C38 /* HomeScreen.swift */ = {isa = PBXFileReference; lastKnownFileType = sourcecode.swift; path = HomeScreen.swift; sourceTree = "<group>"; };
		3F8442052B7E7A3900758C38 /* SidebarView.swift */ = {isa = PBXFileReference; lastKnownFileType = sourcecode.swift; path = SidebarView.swift; sourceTree = "<group>"; };
		3F8442072B7E7A6100758C38 /* MainContentView.swift */ = {isa = PBXFileReference; lastKnownFileType = sourcecode.swift; path = MainContentView.swift; sourceTree = "<group>"; };
		3F8442092B7E7A7E00758C38 /* DetailView.swift */ = {isa = PBXFileReference; lastKnownFileType = sourcecode.swift; path = DetailView.swift; sourceTree = "<group>"; };
		3F84420B2B7E7AAA00758C38 /* UserProfileView.swift */ = {isa = PBXFileReference; lastKnownFileType = sourcecode.swift; path = UserProfileView.swift; sourceTree = "<group>"; };
		3F84420D2B7E7AC700758C38 /* GridView.swift */ = {isa = PBXFileReference; lastKnownFileType = sourcecode.swift; path = GridView.swift; sourceTree = "<group>"; };
		3F8442102B7E7B7400758C38 /* ClassView.swift */ = {isa = PBXFileReference; lastKnownFileType = sourcecode.swift; path = ClassView.swift; sourceTree = "<group>"; };
		6528D86D2B50527F00B7BFFA /* Combatives App v1.0.app */ = {isa = PBXFileReference; explicitFileType = wrapper.application; includeInIndex = 0; path = "Combatives App v1.0.app"; sourceTree = BUILT_PRODUCTS_DIR; };
		6528D8702B50527F00B7BFFA /* Combatives_App_v1_0App.swift */ = {isa = PBXFileReference; lastKnownFileType = sourcecode.swift; path = Combatives_App_v1_0App.swift; sourceTree = "<group>"; };
		6528D8722B50527F00B7BFFA /* ContentView.swift */ = {isa = PBXFileReference; lastKnownFileType = sourcecode.swift; path = ContentView.swift; sourceTree = "<group>"; };
		6528D8742B50528200B7BFFA /* Assets.xcassets */ = {isa = PBXFileReference; lastKnownFileType = folder.assetcatalog; path = Assets.xcassets; sourceTree = "<group>"; };
		6528D8772B50528200B7BFFA /* Preview Assets.xcassets */ = {isa = PBXFileReference; lastKnownFileType = folder.assetcatalog; path = "Preview Assets.xcassets"; sourceTree = "<group>"; };
		6528D87D2B50528200B7BFFA /* Combatives App v1.0Tests.xctest */ = {isa = PBXFileReference; explicitFileType = wrapper.cfbundle; includeInIndex = 0; path = "Combatives App v1.0Tests.xctest"; sourceTree = BUILT_PRODUCTS_DIR; };
		6528D8812B50528200B7BFFA /* Combatives_App_v1_0Tests.swift */ = {isa = PBXFileReference; lastKnownFileType = sourcecode.swift; path = Combatives_App_v1_0Tests.swift; sourceTree = "<group>"; };
		6528D8872B50528200B7BFFA /* Combatives App v1.0UITests.xctest */ = {isa = PBXFileReference; explicitFileType = wrapper.cfbundle; includeInIndex = 0; path = "Combatives App v1.0UITests.xctest"; sourceTree = BUILT_PRODUCTS_DIR; };
		6528D88B2B50528200B7BFFA /* Combatives_App_v1_0UITests.swift */ = {isa = PBXFileReference; lastKnownFileType = sourcecode.swift; path = Combatives_App_v1_0UITests.swift; sourceTree = "<group>"; };
		6528D88D2B50528200B7BFFA /* Combatives_App_v1_0UITestsLaunchTests.swift */ = {isa = PBXFileReference; lastKnownFileType = sourcecode.swift; path = Combatives_App_v1_0UITestsLaunchTests.swift; sourceTree = "<group>"; };
		654352852B598E2E0095F276 /* GoogleService-Info.plist */ = {isa = PBXFileReference; lastKnownFileType = text.plist; path = "GoogleService-Info.plist"; sourceTree = SOURCE_ROOT; };
		6543528A2B59924B0095F276 /* InitLogin.swift */ = {isa = PBXFileReference; lastKnownFileType = sourcecode.swift; path = InitLogin.swift; sourceTree = "<group>"; };
		6543528C2B5997AB0095F276 /* SignInWithEmailView.swift */ = {isa = PBXFileReference; lastKnownFileType = sourcecode.swift; path = SignInWithEmailView.swift; sourceTree = "<group>"; };
		6543528E2B599C880095F276 /* AuthenticationManager.swift */ = {isa = PBXFileReference; lastKnownFileType = sourcecode.swift; path = AuthenticationManager.swift; sourceTree = "<group>"; };
		654352DA2B6179EC0095F276 /* RootView.swift */ = {isa = PBXFileReference; lastKnownFileType = sourcecode.swift; path = RootView.swift; sourceTree = "<group>"; };
		654352DC2B617CF40095F276 /* SettingsView.swift */ = {isa = PBXFileReference; lastKnownFileType = sourcecode.swift; path = SettingsView.swift; sourceTree = "<group>"; };
		654352DE2B6188A50095F276 /* SignUpWithEmailView.swift */ = {isa = PBXFileReference; lastKnownFileType = sourcecode.swift; path = SignUpWithEmailView.swift; sourceTree = "<group>"; };
		654352FE2B644BFB0095F276 /* ResetPasswordView.swift */ = {isa = PBXFileReference; lastKnownFileType = sourcecode.swift; path = ResetPasswordView.swift; sourceTree = "<group>"; };
		654353002B644E2B0095F276 /* UpdatePasswordView.swift */ = {isa = PBXFileReference; lastKnownFileType = sourcecode.swift; path = UpdatePasswordView.swift; sourceTree = "<group>"; };
		65A16FD12B7A7457003A0AF9 /* UpdateEmailView.swift */ = {isa = PBXFileReference; lastKnownFileType = sourcecode.swift; path = UpdateEmailView.swift; sourceTree = "<group>"; };
/* End PBXFileReference section */

/* Begin PBXFrameworksBuildPhase section */
		6528D86A2B50527F00B7BFFA /* Frameworks */ = {
			isa = PBXFrameworksBuildPhase;
			buildActionMask = 2147483647;
			files = (
				6528D8A42B506A4D00B7BFFA /* FirebaseAnalyticsSwift in Frameworks */,
				6528D8AA2B506A4D00B7BFFA /* FirebaseAuthCombine-Community in Frameworks */,
				6528D8A82B506A4D00B7BFFA /* FirebaseAuth in Frameworks */,
				6528D8A02B506A4D00B7BFFA /* FirebaseAnalytics in Frameworks */,
				6528D8A22B506A4D00B7BFFA /* FirebaseAnalyticsOnDeviceConversion in Frameworks */,
				6528D8A62B506A4D00B7BFFA /* FirebaseAnalyticsWithoutAdIdSupport in Frameworks */,
			);
			runOnlyForDeploymentPostprocessing = 0;
		};
		6528D87A2B50528200B7BFFA /* Frameworks */ = {
			isa = PBXFrameworksBuildPhase;
			buildActionMask = 2147483647;
			files = (
			);
			runOnlyForDeploymentPostprocessing = 0;
		};
		6528D8842B50528200B7BFFA /* Frameworks */ = {
			isa = PBXFrameworksBuildPhase;
			buildActionMask = 2147483647;
			files = (
			);
			runOnlyForDeploymentPostprocessing = 0;
		};
/* End PBXFrameworksBuildPhase section */

/* Begin PBXGroup section */
		3F0E3F412B7BD24300BB765B /* MainPage */ = {
			isa = PBXGroup;
			children = (
				3F8441FF2B7BE5F600758C38 /* HomeScreen.swift */,
				3F8442052B7E7A3900758C38 /* SidebarView.swift */,
				3F8442072B7E7A6100758C38 /* MainContentView.swift */,
				3F8442092B7E7A7E00758C38 /* DetailView.swift */,
				3F84420B2B7E7AAA00758C38 /* UserProfileView.swift */,
				3F84420D2B7E7AC700758C38 /* GridView.swift */,
			);
			path = MainPage;
			sourceTree = "<group>";
		};
		3F7CC1952B5993E300A9E3ED /* GradingView */ = {
			isa = PBXGroup;
			children = (
				3F7CC1962B59940800A9E3ED /* BlueGrade.swift */,
				3F7CC1982B5ED1F500A9E3ED /* BlueDominant.swift */,
			);
			path = GradingView;
			sourceTree = "<group>";
		};
		3F84420F2B7E7B5B00758C38 /* ClassView */ = {
			isa = PBXGroup;
			children = (
				3F8442102B7E7B7400758C38 /* ClassView.swift */,
			);
			path = ClassView;
			sourceTree = "<group>";
		};
		6528D8642B50527F00B7BFFA = {
			isa = PBXGroup;
			children = (
				6528D86F2B50527F00B7BFFA /* Combatives App v1.0 */,
				6528D8802B50528200B7BFFA /* Combatives App v1.0Tests */,
				6528D88A2B50528200B7BFFA /* Combatives App v1.0UITests */,
				6528D86E2B50527F00B7BFFA /* Products */,
			);
			sourceTree = "<group>";
		};
		6528D86E2B50527F00B7BFFA /* Products */ = {
			isa = PBXGroup;
			children = (
				6528D86D2B50527F00B7BFFA /* Combatives App v1.0.app */,
				6528D87D2B50528200B7BFFA /* Combatives App v1.0Tests.xctest */,
				6528D8872B50528200B7BFFA /* Combatives App v1.0UITests.xctest */,
			);
			name = Products;
			sourceTree = "<group>";
		};
		6528D86F2B50527F00B7BFFA /* Combatives App v1.0 */ = {
			isa = PBXGroup;
			children = (
				6528D8702B50527F00B7BFFA /* Combatives_App_v1_0App.swift */,
				654352852B598E2E0095F276 /* GoogleService-Info.plist */,
				6528D8722B50527F00B7BFFA /* ContentView.swift */,
				3F7CC1952B5993E300A9E3ED /* GradingView */,
				3F84420F2B7E7B5B00758C38 /* ClassView */,
				3F0E3F412B7BD24300BB765B /* MainPage */,
				654352872B598FB20095F276 /* Authentication */,
				6528D8742B50528200B7BFFA /* Assets.xcassets */,
				6528D8762B50528200B7BFFA /* Preview Content */,
			);
			path = "Combatives App v1.0";
			sourceTree = "<group>";
		};
		6528D8762B50528200B7BFFA /* Preview Content */ = {
			isa = PBXGroup;
			children = (
				6528D8772B50528200B7BFFA /* Preview Assets.xcassets */,
			);
			path = "Preview Content";
			sourceTree = "<group>";
		};
		6528D8802B50528200B7BFFA /* Combatives App v1.0Tests */ = {
			isa = PBXGroup;
			children = (
				6528D8812B50528200B7BFFA /* Combatives_App_v1_0Tests.swift */,
			);
			path = "Combatives App v1.0Tests";
			sourceTree = "<group>";
		};
		6528D88A2B50528200B7BFFA /* Combatives App v1.0UITests */ = {
			isa = PBXGroup;
			children = (
				6528D88B2B50528200B7BFFA /* Combatives_App_v1_0UITests.swift */,
				6528D88D2B50528200B7BFFA /* Combatives_App_v1_0UITestsLaunchTests.swift */,
			);
			path = "Combatives App v1.0UITests";
			sourceTree = "<group>";
		};
		654352872B598FB20095F276 /* Authentication */ = {
			isa = PBXGroup;
			children = (
				6543528A2B59924B0095F276 /* InitLogin.swift */,
				6543528C2B5997AB0095F276 /* SignInWithEmailView.swift */,
				654352DE2B6188A50095F276 /* SignUpWithEmailView.swift */,
				654352DA2B6179EC0095F276 /* RootView.swift */,
				65A16FB02B715B35003A0AF9 /* Settings */,
				6543528E2B599C880095F276 /* AuthenticationManager.swift */,
			);
			path = Authentication;
			sourceTree = "<group>";
		};
		65A16FB02B715B35003A0AF9 /* Settings */ = {
			isa = PBXGroup;
			children = (
				654352DC2B617CF40095F276 /* SettingsView.swift */,
				654352FE2B644BFB0095F276 /* ResetPasswordView.swift */,
				654353002B644E2B0095F276 /* UpdatePasswordView.swift */,
				65A16FD12B7A7457003A0AF9 /* UpdateEmailView.swift */,
			);
			path = Settings;
			sourceTree = "<group>";
		};
/* End PBXGroup section */

/* Begin PBXNativeTarget section */
		6528D86C2B50527F00B7BFFA /* Combatives App v1.0 */ = {
			isa = PBXNativeTarget;
			buildConfigurationList = 6528D8912B50528200B7BFFA /* Build configuration list for PBXNativeTarget "Combatives App v1.0" */;
			buildPhases = (
				6528D8692B50527F00B7BFFA /* Sources */,
				6528D86A2B50527F00B7BFFA /* Frameworks */,
				6528D86B2B50527F00B7BFFA /* Resources */,
			);
			buildRules = (
			);
			dependencies = (
			);
			name = "Combatives App v1.0";
			packageProductDependencies = (
				6528D89F2B506A4D00B7BFFA /* FirebaseAnalytics */,
				6528D8A12B506A4D00B7BFFA /* FirebaseAnalyticsOnDeviceConversion */,
				6528D8A32B506A4D00B7BFFA /* FirebaseAnalyticsSwift */,
				6528D8A52B506A4D00B7BFFA /* FirebaseAnalyticsWithoutAdIdSupport */,
				6528D8A72B506A4D00B7BFFA /* FirebaseAuth */,
				6528D8A92B506A4D00B7BFFA /* FirebaseAuthCombine-Community */,
			);
			productName = "Combatives App v1.0";
			productReference = 6528D86D2B50527F00B7BFFA /* Combatives App v1.0.app */;
			productType = "com.apple.product-type.application";
		};
		6528D87C2B50528200B7BFFA /* Combatives App v1.0Tests */ = {
			isa = PBXNativeTarget;
			buildConfigurationList = 6528D8942B50528200B7BFFA /* Build configuration list for PBXNativeTarget "Combatives App v1.0Tests" */;
			buildPhases = (
				6528D8792B50528200B7BFFA /* Sources */,
				6528D87A2B50528200B7BFFA /* Frameworks */,
				6528D87B2B50528200B7BFFA /* Resources */,
			);
			buildRules = (
			);
			dependencies = (
				6528D87F2B50528200B7BFFA /* PBXTargetDependency */,
			);
			name = "Combatives App v1.0Tests";
			productName = "Combatives App v1.0Tests";
			productReference = 6528D87D2B50528200B7BFFA /* Combatives App v1.0Tests.xctest */;
			productType = "com.apple.product-type.bundle.unit-test";
		};
		6528D8862B50528200B7BFFA /* Combatives App v1.0UITests */ = {
			isa = PBXNativeTarget;
			buildConfigurationList = 6528D8972B50528200B7BFFA /* Build configuration list for PBXNativeTarget "Combatives App v1.0UITests" */;
			buildPhases = (
				6528D8832B50528200B7BFFA /* Sources */,
				6528D8842B50528200B7BFFA /* Frameworks */,
				6528D8852B50528200B7BFFA /* Resources */,
			);
			buildRules = (
			);
			dependencies = (
				6528D8892B50528200B7BFFA /* PBXTargetDependency */,
			);
			name = "Combatives App v1.0UITests";
			productName = "Combatives App v1.0UITests";
			productReference = 6528D8872B50528200B7BFFA /* Combatives App v1.0UITests.xctest */;
			productType = "com.apple.product-type.bundle.ui-testing";
		};
/* End PBXNativeTarget section */

/* Begin PBXProject section */
		6528D8652B50527F00B7BFFA /* Project object */ = {
			isa = PBXProject;
			attributes = {
				BuildIndependentTargetsInParallel = 1;
				LastSwiftUpdateCheck = 1520;
				LastUpgradeCheck = 1520;
				TargetAttributes = {
					6528D86C2B50527F00B7BFFA = {
						CreatedOnToolsVersion = 15.2;
					};
					6528D87C2B50528200B7BFFA = {
						CreatedOnToolsVersion = 15.2;
						TestTargetID = 6528D86C2B50527F00B7BFFA;
					};
					6528D8862B50528200B7BFFA = {
						CreatedOnToolsVersion = 15.2;
						TestTargetID = 6528D86C2B50527F00B7BFFA;
					};
				};
			};
			buildConfigurationList = 6528D8682B50527F00B7BFFA /* Build configuration list for PBXProject "Combatives App v1.0" */;
			compatibilityVersion = "Xcode 14.0";
			developmentRegion = en;
			hasScannedForEncodings = 0;
			knownRegions = (
				en,
				Base,
			);
			mainGroup = 6528D8642B50527F00B7BFFA;
			packageReferences = (
				6528D89E2B506A4D00B7BFFA /* XCRemoteSwiftPackageReference "firebase-ios-sdk" */,
			);
			productRefGroup = 6528D86E2B50527F00B7BFFA /* Products */;
			projectDirPath = "";
			projectRoot = "";
			targets = (
				6528D86C2B50527F00B7BFFA /* Combatives App v1.0 */,
				6528D87C2B50528200B7BFFA /* Combatives App v1.0Tests */,
				6528D8862B50528200B7BFFA /* Combatives App v1.0UITests */,
			);
		};
/* End PBXProject section */

/* Begin PBXResourcesBuildPhase section */
		6528D86B2B50527F00B7BFFA /* Resources */ = {
			isa = PBXResourcesBuildPhase;
			buildActionMask = 2147483647;
			files = (
				6528D8782B50528200B7BFFA /* Preview Assets.xcassets in Resources */,
				6528D8752B50528200B7BFFA /* Assets.xcassets in Resources */,
				654352862B598E2E0095F276 /* GoogleService-Info.plist in Resources */,
			);
			runOnlyForDeploymentPostprocessing = 0;
		};
		6528D87B2B50528200B7BFFA /* Resources */ = {
			isa = PBXResourcesBuildPhase;
			buildActionMask = 2147483647;
			files = (
			);
			runOnlyForDeploymentPostprocessing = 0;
		};
		6528D8852B50528200B7BFFA /* Resources */ = {
			isa = PBXResourcesBuildPhase;
			buildActionMask = 2147483647;
			files = (
			);
			runOnlyForDeploymentPostprocessing = 0;
		};
/* End PBXResourcesBuildPhase section */

/* Begin PBXSourcesBuildPhase section */
		6528D8692B50527F00B7BFFA /* Sources */ = {
			isa = PBXSourcesBuildPhase;
			buildActionMask = 2147483647;
			files = (
				654353012B644E2B0095F276 /* UpdatePasswordView.swift in Sources */,
				3F84420A2B7E7A7E00758C38 /* DetailView.swift in Sources */,
				3F8442062B7E7A3900758C38 /* SidebarView.swift in Sources */,
				654352DB2B6179EC0095F276 /* RootView.swift in Sources */,
				6543528B2B59924B0095F276 /* InitLogin.swift in Sources */,
				3F84420C2B7E7AAA00758C38 /* UserProfileView.swift in Sources */,
				654352DD2B617CF40095F276 /* SettingsView.swift in Sources */,
				654352FF2B644BFB0095F276 /* ResetPasswordView.swift in Sources */,
				3F7CC1992B5ED1F500A9E3ED /* BlueDominant.swift in Sources */,
				6543528B2B59924B0095F276 /* InitLogin.swift in Sources */,
				3F7CC1972B59940800A9E3ED /* BlueGrade.swift in Sources */,
				6528D8732B50527F00B7BFFA /* ContentView.swift in Sources */,
				6528D8712B50527F00B7BFFA /* Combatives_App_v1_0App.swift in Sources */,
				654352DF2B6188A50095F276 /* SignUpWithEmailView.swift in Sources */,
				3F8442082B7E7A6100758C38 /* MainContentView.swift in Sources */,
				3F8442002B7BE5F600758C38 /* HomeScreen.swift in Sources */,
				6543528F2B599C880095F276 /* AuthenticationManager.swift in Sources */,
				3F8442112B7E7B7400758C38 /* ClassView.swift in Sources */,
				65A16FD22B7A7457003A0AF9 /* UpdateEmailView.swift in Sources */,
				3F84420E2B7E7AC700758C38 /* GridView.swift in Sources */,
				6543528D2B5997AB0095F276 /* SignInWithEmailView.swift in Sources */,
			);
			runOnlyForDeploymentPostprocessing = 0;
		};
		6528D8792B50528200B7BFFA /* Sources */ = {
			isa = PBXSourcesBuildPhase;
			buildActionMask = 2147483647;
			files = (
				6528D8822B50528200B7BFFA /* Combatives_App_v1_0Tests.swift in Sources */,
			);
			runOnlyForDeploymentPostprocessing = 0;
		};
		6528D8832B50528200B7BFFA /* Sources */ = {
			isa = PBXSourcesBuildPhase;
			buildActionMask = 2147483647;
			files = (
				6528D88C2B50528200B7BFFA /* Combatives_App_v1_0UITests.swift in Sources */,
				6528D88E2B50528200B7BFFA /* Combatives_App_v1_0UITestsLaunchTests.swift in Sources */,
			);
			runOnlyForDeploymentPostprocessing = 0;
		};
/* End PBXSourcesBuildPhase section */

/* Begin PBXTargetDependency section */
		6528D87F2B50528200B7BFFA /* PBXTargetDependency */ = {
			isa = PBXTargetDependency;
			target = 6528D86C2B50527F00B7BFFA /* Combatives App v1.0 */;
			targetProxy = 6528D87E2B50528200B7BFFA /* PBXContainerItemProxy */;
		};
		6528D8892B50528200B7BFFA /* PBXTargetDependency */ = {
			isa = PBXTargetDependency;
			target = 6528D86C2B50527F00B7BFFA /* Combatives App v1.0 */;
			targetProxy = 6528D8882B50528200B7BFFA /* PBXContainerItemProxy */;
		};
/* End PBXTargetDependency section */

/* Begin XCBuildConfiguration section */
		6528D88F2B50528200B7BFFA /* Debug */ = {
			isa = XCBuildConfiguration;
			buildSettings = {
				ALWAYS_SEARCH_USER_PATHS = NO;
				ASSETCATALOG_COMPILER_GENERATE_SWIFT_ASSET_SYMBOL_EXTENSIONS = YES;
				CLANG_ANALYZER_NONNULL = YES;
				CLANG_ANALYZER_NUMBER_OBJECT_CONVERSION = YES_AGGRESSIVE;
				CLANG_CXX_LANGUAGE_STANDARD = "gnu++20";
				CLANG_ENABLE_MODULES = YES;
				CLANG_ENABLE_OBJC_ARC = YES;
				CLANG_ENABLE_OBJC_WEAK = YES;
				CLANG_WARN_BLOCK_CAPTURE_AUTORELEASING = YES;
				CLANG_WARN_BOOL_CONVERSION = YES;
				CLANG_WARN_COMMA = YES;
				CLANG_WARN_CONSTANT_CONVERSION = YES;
				CLANG_WARN_DEPRECATED_OBJC_IMPLEMENTATIONS = YES;
				CLANG_WARN_DIRECT_OBJC_ISA_USAGE = YES_ERROR;
				CLANG_WARN_DOCUMENTATION_COMMENTS = YES;
				CLANG_WARN_EMPTY_BODY = YES;
				CLANG_WARN_ENUM_CONVERSION = YES;
				CLANG_WARN_INFINITE_RECURSION = YES;
				CLANG_WARN_INT_CONVERSION = YES;
				CLANG_WARN_NON_LITERAL_NULL_CONVERSION = YES;
				CLANG_WARN_OBJC_IMPLICIT_RETAIN_SELF = YES;
				CLANG_WARN_OBJC_LITERAL_CONVERSION = YES;
				CLANG_WARN_OBJC_ROOT_CLASS = YES_ERROR;
				CLANG_WARN_QUOTED_INCLUDE_IN_FRAMEWORK_HEADER = YES;
				CLANG_WARN_RANGE_LOOP_ANALYSIS = YES;
				CLANG_WARN_STRICT_PROTOTYPES = YES;
				CLANG_WARN_SUSPICIOUS_MOVE = YES;
				CLANG_WARN_UNGUARDED_AVAILABILITY = YES_AGGRESSIVE;
				CLANG_WARN_UNREACHABLE_CODE = YES;
				CLANG_WARN__DUPLICATE_METHOD_MATCH = YES;
				COPY_PHASE_STRIP = NO;
				DEBUG_INFORMATION_FORMAT = dwarf;
				ENABLE_STRICT_OBJC_MSGSEND = YES;
				ENABLE_TESTABILITY = YES;
				ENABLE_USER_SCRIPT_SANDBOXING = YES;
				GCC_C_LANGUAGE_STANDARD = gnu17;
				GCC_DYNAMIC_NO_PIC = NO;
				GCC_NO_COMMON_BLOCKS = YES;
				GCC_OPTIMIZATION_LEVEL = 0;
				GCC_PREPROCESSOR_DEFINITIONS = (
					"DEBUG=1",
					"$(inherited)",
				);
				GCC_WARN_64_TO_32_BIT_CONVERSION = YES;
				GCC_WARN_ABOUT_RETURN_TYPE = YES_ERROR;
				GCC_WARN_UNDECLARED_SELECTOR = YES;
				GCC_WARN_UNINITIALIZED_AUTOS = YES_AGGRESSIVE;
				GCC_WARN_UNUSED_FUNCTION = YES;
				GCC_WARN_UNUSED_VARIABLE = YES;
				IPHONEOS_DEPLOYMENT_TARGET = 17.2;
				LOCALIZATION_PREFERS_STRING_CATALOGS = YES;
				MTL_ENABLE_DEBUG_INFO = INCLUDE_SOURCE;
				MTL_FAST_MATH = YES;
				ONLY_ACTIVE_ARCH = YES;
				SDKROOT = iphoneos;
				SWIFT_ACTIVE_COMPILATION_CONDITIONS = "DEBUG $(inherited)";
				SWIFT_OPTIMIZATION_LEVEL = "-Onone";
			};
			name = Debug;
		};
		6528D8902B50528200B7BFFA /* Release */ = {
			isa = XCBuildConfiguration;
			buildSettings = {
				ALWAYS_SEARCH_USER_PATHS = NO;
				ASSETCATALOG_COMPILER_GENERATE_SWIFT_ASSET_SYMBOL_EXTENSIONS = YES;
				CLANG_ANALYZER_NONNULL = YES;
				CLANG_ANALYZER_NUMBER_OBJECT_CONVERSION = YES_AGGRESSIVE;
				CLANG_CXX_LANGUAGE_STANDARD = "gnu++20";
				CLANG_ENABLE_MODULES = YES;
				CLANG_ENABLE_OBJC_ARC = YES;
				CLANG_ENABLE_OBJC_WEAK = YES;
				CLANG_WARN_BLOCK_CAPTURE_AUTORELEASING = YES;
				CLANG_WARN_BOOL_CONVERSION = YES;
				CLANG_WARN_COMMA = YES;
				CLANG_WARN_CONSTANT_CONVERSION = YES;
				CLANG_WARN_DEPRECATED_OBJC_IMPLEMENTATIONS = YES;
				CLANG_WARN_DIRECT_OBJC_ISA_USAGE = YES_ERROR;
				CLANG_WARN_DOCUMENTATION_COMMENTS = YES;
				CLANG_WARN_EMPTY_BODY = YES;
				CLANG_WARN_ENUM_CONVERSION = YES;
				CLANG_WARN_INFINITE_RECURSION = YES;
				CLANG_WARN_INT_CONVERSION = YES;
				CLANG_WARN_NON_LITERAL_NULL_CONVERSION = YES;
				CLANG_WARN_OBJC_IMPLICIT_RETAIN_SELF = YES;
				CLANG_WARN_OBJC_LITERAL_CONVERSION = YES;
				CLANG_WARN_OBJC_ROOT_CLASS = YES_ERROR;
				CLANG_WARN_QUOTED_INCLUDE_IN_FRAMEWORK_HEADER = YES;
				CLANG_WARN_RANGE_LOOP_ANALYSIS = YES;
				CLANG_WARN_STRICT_PROTOTYPES = YES;
				CLANG_WARN_SUSPICIOUS_MOVE = YES;
				CLANG_WARN_UNGUARDED_AVAILABILITY = YES_AGGRESSIVE;
				CLANG_WARN_UNREACHABLE_CODE = YES;
				CLANG_WARN__DUPLICATE_METHOD_MATCH = YES;
				COPY_PHASE_STRIP = NO;
				DEBUG_INFORMATION_FORMAT = "dwarf-with-dsym";
				ENABLE_NS_ASSERTIONS = NO;
				ENABLE_STRICT_OBJC_MSGSEND = YES;
				ENABLE_USER_SCRIPT_SANDBOXING = YES;
				GCC_C_LANGUAGE_STANDARD = gnu17;
				GCC_NO_COMMON_BLOCKS = YES;
				GCC_WARN_64_TO_32_BIT_CONVERSION = YES;
				GCC_WARN_ABOUT_RETURN_TYPE = YES_ERROR;
				GCC_WARN_UNDECLARED_SELECTOR = YES;
				GCC_WARN_UNINITIALIZED_AUTOS = YES_AGGRESSIVE;
				GCC_WARN_UNUSED_FUNCTION = YES;
				GCC_WARN_UNUSED_VARIABLE = YES;
				IPHONEOS_DEPLOYMENT_TARGET = 17.2;
				LOCALIZATION_PREFERS_STRING_CATALOGS = YES;
				MTL_ENABLE_DEBUG_INFO = NO;
				MTL_FAST_MATH = YES;
				SDKROOT = iphoneos;
				SWIFT_COMPILATION_MODE = wholemodule;
				VALIDATE_PRODUCT = YES;
			};
			name = Release;
		};
		6528D8922B50528200B7BFFA /* Debug */ = {
			isa = XCBuildConfiguration;
			buildSettings = {
				ASSETCATALOG_COMPILER_APPICON_NAME = AppIcon;
				ASSETCATALOG_COMPILER_GLOBAL_ACCENT_COLOR_NAME = AccentColor;
				CODE_SIGN_STYLE = Automatic;
				CURRENT_PROJECT_VERSION = 1;
				DEVELOPMENT_ASSET_PATHS = "\"Combatives App v1.0/Preview Content\"";
				DEVELOPMENT_TEAM = G27W3B33FR;
				ENABLE_PREVIEWS = YES;
				GENERATE_INFOPLIST_FILE = YES;
				INFOPLIST_KEY_UIApplicationSceneManifest_Generation = YES;
				INFOPLIST_KEY_UIApplicationSupportsIndirectInputEvents = YES;
				INFOPLIST_KEY_UILaunchScreen_Generation = YES;
				INFOPLIST_KEY_UISupportedInterfaceOrientations_iPad = "UIInterfaceOrientationPortrait UIInterfaceOrientationPortraitUpsideDown UIInterfaceOrientationLandscapeLeft UIInterfaceOrientationLandscapeRight";
				INFOPLIST_KEY_UISupportedInterfaceOrientations_iPhone = "UIInterfaceOrientationPortrait UIInterfaceOrientationLandscapeLeft UIInterfaceOrientationLandscapeRight";
				LD_RUNPATH_SEARCH_PATHS = (
					"$(inherited)",
					"@executable_path/Frameworks",
				);
				MARKETING_VERSION = 1.0;
				PRODUCT_BUNDLE_IDENTIFIER = "Huber-Bleakney-CombativesApp.Combatives-App-v1-0";
				PRODUCT_NAME = "$(TARGET_NAME)";
				SWIFT_EMIT_LOC_STRINGS = YES;
				SWIFT_VERSION = 5.0;
				TARGETED_DEVICE_FAMILY = "1,2";
			};
			name = Debug;
		};
		6528D8932B50528200B7BFFA /* Release */ = {
			isa = XCBuildConfiguration;
			buildSettings = {
				ASSETCATALOG_COMPILER_APPICON_NAME = AppIcon;
				ASSETCATALOG_COMPILER_GLOBAL_ACCENT_COLOR_NAME = AccentColor;
				CODE_SIGN_STYLE = Automatic;
				CURRENT_PROJECT_VERSION = 1;
				DEVELOPMENT_ASSET_PATHS = "\"Combatives App v1.0/Preview Content\"";
				DEVELOPMENT_TEAM = G27W3B33FR;
				ENABLE_PREVIEWS = YES;
				GENERATE_INFOPLIST_FILE = YES;
				INFOPLIST_KEY_UIApplicationSceneManifest_Generation = YES;
				INFOPLIST_KEY_UIApplicationSupportsIndirectInputEvents = YES;
				INFOPLIST_KEY_UILaunchScreen_Generation = YES;
				INFOPLIST_KEY_UISupportedInterfaceOrientations_iPad = "UIInterfaceOrientationPortrait UIInterfaceOrientationPortraitUpsideDown UIInterfaceOrientationLandscapeLeft UIInterfaceOrientationLandscapeRight";
				INFOPLIST_KEY_UISupportedInterfaceOrientations_iPhone = "UIInterfaceOrientationPortrait UIInterfaceOrientationLandscapeLeft UIInterfaceOrientationLandscapeRight";
				LD_RUNPATH_SEARCH_PATHS = (
					"$(inherited)",
					"@executable_path/Frameworks",
				);
				MARKETING_VERSION = 1.0;
				PRODUCT_BUNDLE_IDENTIFIER = "Huber-Bleakney-CombativesApp.Combatives-App-v1-0";
				PRODUCT_NAME = "$(TARGET_NAME)";
				SWIFT_EMIT_LOC_STRINGS = YES;
				SWIFT_VERSION = 5.0;
				TARGETED_DEVICE_FAMILY = "1,2";
			};
			name = Release;
		};
		6528D8952B50528200B7BFFA /* Debug */ = {
			isa = XCBuildConfiguration;
			buildSettings = {
				ALWAYS_EMBED_SWIFT_STANDARD_LIBRARIES = YES;
				BUNDLE_LOADER = "$(TEST_HOST)";
				CODE_SIGN_STYLE = Automatic;
				CURRENT_PROJECT_VERSION = 1;
				DEVELOPMENT_TEAM = G27W3B33FR;
				GENERATE_INFOPLIST_FILE = YES;
				IPHONEOS_DEPLOYMENT_TARGET = 17.2;
				MARKETING_VERSION = 1.0;
				PRODUCT_BUNDLE_IDENTIFIER = "Huber-Bleakney-CombativesApp.Combatives-App-v1-0Tests";
				PRODUCT_NAME = "$(TARGET_NAME)";
				SWIFT_EMIT_LOC_STRINGS = NO;
				SWIFT_VERSION = 5.0;
				TARGETED_DEVICE_FAMILY = "1,2";
				TEST_HOST = "$(BUILT_PRODUCTS_DIR)/Combatives App v1.0.app/$(BUNDLE_EXECUTABLE_FOLDER_PATH)/Combatives App v1.0";
			};
			name = Debug;
		};
		6528D8962B50528200B7BFFA /* Release */ = {
			isa = XCBuildConfiguration;
			buildSettings = {
				ALWAYS_EMBED_SWIFT_STANDARD_LIBRARIES = YES;
				BUNDLE_LOADER = "$(TEST_HOST)";
				CODE_SIGN_STYLE = Automatic;
				CURRENT_PROJECT_VERSION = 1;
				DEVELOPMENT_TEAM = G27W3B33FR;
				GENERATE_INFOPLIST_FILE = YES;
				IPHONEOS_DEPLOYMENT_TARGET = 17.2;
				MARKETING_VERSION = 1.0;
				PRODUCT_BUNDLE_IDENTIFIER = "Huber-Bleakney-CombativesApp.Combatives-App-v1-0Tests";
				PRODUCT_NAME = "$(TARGET_NAME)";
				SWIFT_EMIT_LOC_STRINGS = NO;
				SWIFT_VERSION = 5.0;
				TARGETED_DEVICE_FAMILY = "1,2";
				TEST_HOST = "$(BUILT_PRODUCTS_DIR)/Combatives App v1.0.app/$(BUNDLE_EXECUTABLE_FOLDER_PATH)/Combatives App v1.0";
			};
			name = Release;
		};
		6528D8982B50528200B7BFFA /* Debug */ = {
			isa = XCBuildConfiguration;
			buildSettings = {
				ALWAYS_EMBED_SWIFT_STANDARD_LIBRARIES = YES;
				CODE_SIGN_STYLE = Automatic;
				CURRENT_PROJECT_VERSION = 1;
				DEVELOPMENT_TEAM = G27W3B33FR;
				GENERATE_INFOPLIST_FILE = YES;
				MARKETING_VERSION = 1.0;
				PRODUCT_BUNDLE_IDENTIFIER = "Huber-Bleakney-CombativesApp.Combatives-App-v1-0UITests";
				PRODUCT_NAME = "$(TARGET_NAME)";
				SWIFT_EMIT_LOC_STRINGS = NO;
				SWIFT_VERSION = 5.0;
				TARGETED_DEVICE_FAMILY = "1,2";
				TEST_TARGET_NAME = "Combatives App v1.0";
			};
			name = Debug;
		};
		6528D8992B50528200B7BFFA /* Release */ = {
			isa = XCBuildConfiguration;
			buildSettings = {
				ALWAYS_EMBED_SWIFT_STANDARD_LIBRARIES = YES;
				CODE_SIGN_STYLE = Automatic;
				CURRENT_PROJECT_VERSION = 1;
				DEVELOPMENT_TEAM = G27W3B33FR;
				GENERATE_INFOPLIST_FILE = YES;
				MARKETING_VERSION = 1.0;
				PRODUCT_BUNDLE_IDENTIFIER = "Huber-Bleakney-CombativesApp.Combatives-App-v1-0UITests";
				PRODUCT_NAME = "$(TARGET_NAME)";
				SWIFT_EMIT_LOC_STRINGS = NO;
				SWIFT_VERSION = 5.0;
				TARGETED_DEVICE_FAMILY = "1,2";
				TEST_TARGET_NAME = "Combatives App v1.0";
			};
			name = Release;
		};
/* End XCBuildConfiguration section */

/* Begin XCConfigurationList section */
		6528D8682B50527F00B7BFFA /* Build configuration list for PBXProject "Combatives App v1.0" */ = {
			isa = XCConfigurationList;
			buildConfigurations = (
				6528D88F2B50528200B7BFFA /* Debug */,
				6528D8902B50528200B7BFFA /* Release */,
			);
			defaultConfigurationIsVisible = 0;
			defaultConfigurationName = Release;
		};
		6528D8912B50528200B7BFFA /* Build configuration list for PBXNativeTarget "Combatives App v1.0" */ = {
			isa = XCConfigurationList;
			buildConfigurations = (
				6528D8922B50528200B7BFFA /* Debug */,
				6528D8932B50528200B7BFFA /* Release */,
			);
			defaultConfigurationIsVisible = 0;
			defaultConfigurationName = Release;
		};
		6528D8942B50528200B7BFFA /* Build configuration list for PBXNativeTarget "Combatives App v1.0Tests" */ = {
			isa = XCConfigurationList;
			buildConfigurations = (
				6528D8952B50528200B7BFFA /* Debug */,
				6528D8962B50528200B7BFFA /* Release */,
			);
			defaultConfigurationIsVisible = 0;
			defaultConfigurationName = Release;
		};
		6528D8972B50528200B7BFFA /* Build configuration list for PBXNativeTarget "Combatives App v1.0UITests" */ = {
			isa = XCConfigurationList;
			buildConfigurations = (
				6528D8982B50528200B7BFFA /* Debug */,
				6528D8992B50528200B7BFFA /* Release */,
			);
			defaultConfigurationIsVisible = 0;
			defaultConfigurationName = Release;
		};
/* End XCConfigurationList section */

/* Begin XCRemoteSwiftPackageReference section */
		6528D89E2B506A4D00B7BFFA /* XCRemoteSwiftPackageReference "firebase-ios-sdk" */ = {
			isa = XCRemoteSwiftPackageReference;
			repositoryURL = "https://github.com/firebase/firebase-ios-sdk";
			requirement = {
				kind = upToNextMajorVersion;
				minimumVersion = 10.19.1;
			};
		};
/* End XCRemoteSwiftPackageReference section */

/* Begin XCSwiftPackageProductDependency section */
		6528D89F2B506A4D00B7BFFA /* FirebaseAnalytics */ = {
			isa = XCSwiftPackageProductDependency;
			package = 6528D89E2B506A4D00B7BFFA /* XCRemoteSwiftPackageReference "firebase-ios-sdk" */;
			productName = FirebaseAnalytics;
		};
		6528D8A12B506A4D00B7BFFA /* FirebaseAnalyticsOnDeviceConversion */ = {
			isa = XCSwiftPackageProductDependency;
			package = 6528D89E2B506A4D00B7BFFA /* XCRemoteSwiftPackageReference "firebase-ios-sdk" */;
			productName = FirebaseAnalyticsOnDeviceConversion;
		};
		6528D8A32B506A4D00B7BFFA /* FirebaseAnalyticsSwift */ = {
			isa = XCSwiftPackageProductDependency;
			package = 6528D89E2B506A4D00B7BFFA /* XCRemoteSwiftPackageReference "firebase-ios-sdk" */;
			productName = FirebaseAnalyticsSwift;
		};
		6528D8A52B506A4D00B7BFFA /* FirebaseAnalyticsWithoutAdIdSupport */ = {
			isa = XCSwiftPackageProductDependency;
			package = 6528D89E2B506A4D00B7BFFA /* XCRemoteSwiftPackageReference "firebase-ios-sdk" */;
			productName = FirebaseAnalyticsWithoutAdIdSupport;
		};
		6528D8A72B506A4D00B7BFFA /* FirebaseAuth */ = {
			isa = XCSwiftPackageProductDependency;
			package = 6528D89E2B506A4D00B7BFFA /* XCRemoteSwiftPackageReference "firebase-ios-sdk" */;
			productName = FirebaseAuth;
		};
		6528D8A92B506A4D00B7BFFA /* FirebaseAuthCombine-Community */ = {
			isa = XCSwiftPackageProductDependency;
			package = 6528D89E2B506A4D00B7BFFA /* XCRemoteSwiftPackageReference "firebase-ios-sdk" */;
			productName = "FirebaseAuthCombine-Community";
		};
/* End XCSwiftPackageProductDependency section */
	};
	rootObject = 6528D8652B50527F00B7BFFA /* Project object */;
}
